
Microsoft Visual Studio Solution File, Format Version 12.00
# Visual Studio 15
VisualStudioVersion = 15.0.27428.2037
MinimumVisualStudioVersion = 10.0.40219.1
Project("{2150E333-8FDC-42A3-9474-1A3956D46DE8}") = "Libs", "Libs", "{A995339B-3E9C-46E0-9AB1-7D14B6D5E7F7}"
EndProject
Project("{2150E333-8FDC-42A3-9474-1A3956D46DE8}") = "SDK", "SDK", "{59F50AA8-6358-48C6-84E7-861A2EC4C01B}"
EndProject
Project("{2150E333-8FDC-42A3-9474-1A3956D46DE8}") = "Utils", "Utils", "{84D8E22E-CEA6-4AFF-89B8-4CA0BB55A11D}"
EndProject
Project("{9A19103F-16F7-4668-BE54-9A1E7A4F7556}") = "NetExtensions", "SDK\NetExtensions\NetExtensions.csproj", "{289D0A47-AFBE-4835-8BC0-68694041FE1D}"
EndProject
Project("{9A19103F-16F7-4668-BE54-9A1E7A4F7556}") = "FrameworkSDK", "SDK\FrameworkSDK\FrameworkSDK.csproj", "{8EF32555-52A3-457E-B832-2940AC178D2C}"
EndProject
Project("{9A19103F-16F7-4668-BE54-9A1E7A4F7556}") = "HexoGrid", "Libs\HexoGrid\HexoGrid.csproj", "{EFEE2200-4D3E-4B45-9F88-B01D226F9349}"
EndProject
Project("{FAE04EC0-301F-11D3-BF4B-00C04F79EFBC}") = "Logging", "Utils\Logging\Logging.csproj", "{3FA53468-2750-459F-82F7-A607298376DC}"
EndProject
Project("{9A19103F-16F7-4668-BE54-9A1E7A4F7556}") = "Epic.Data", "Games.Epic\Epic.Data\Epic.Data.csproj", "{A78178AE-7031-48A6-98FF-3D218DC9E365}"
EndProject
Project("{9A19103F-16F7-4668-BE54-9A1E7A4F7556}") = "Epic.Logic", "Games.Epic\Epic.Logic\Epic.Logic.csproj", "{63FE3718-F0C6-4F3F-9A8F-FF9DCC56BC5C}"
EndProject
Project("{FAE04EC0-301F-11D3-BF4B-00C04F79EFBC}") = "Epic.Server", "Games.Epic\Epic.Server\Epic.Server.csproj", "{785665EC-83E0-4E57-B5FD-A1B21A147F7B}"
EndProject
Project("{FAE04EC0-301F-11D3-BF4B-00C04F79EFBC}") = "Epic.Core", "Games.Epic\Epic.Core\Epic.Core.csproj", "{D23316A8-D104-4BC4-9FCA-FB0F54EFAFB1}"
EndProject
Project("{FAE04EC0-301F-11D3-BF4B-00C04F79EFBC}") = "AspNetCore.FrameworkAdapter", "Utils\Adapters\AspNetCore.FrameworkAdapter\AspNetCore.FrameworkAdapter.csproj", "{70D9AEC8-07CE-4BD7-B360-9AC247323E8B}"
EndProject
Global
	GlobalSection(SolutionConfigurationPlatforms) = preSolution
		Debug|Any CPU = Debug|Any CPU
		Release|Any CPU = Release|Any CPU
	EndGlobalSection
	GlobalSection(ProjectConfigurationPlatforms) = postSolution
		{289D0A47-AFBE-4835-8BC0-68694041FE1D}.Debug|Any CPU.ActiveCfg = Debug|Any CPU
		{289D0A47-AFBE-4835-8BC0-68694041FE1D}.Debug|Any CPU.Build.0 = Debug|Any CPU
		{289D0A47-AFBE-4835-8BC0-68694041FE1D}.Release|Any CPU.ActiveCfg = Release|Any CPU
		{289D0A47-AFBE-4835-8BC0-68694041FE1D}.Release|Any CPU.Build.0 = Release|Any CPU
		{8EF32555-52A3-457E-B832-2940AC178D2C}.Debug|Any CPU.ActiveCfg = Debug|Any CPU
		{8EF32555-52A3-457E-B832-2940AC178D2C}.Debug|Any CPU.Build.0 = Debug|Any CPU
		{8EF32555-52A3-457E-B832-2940AC178D2C}.Release|Any CPU.ActiveCfg = Release|Any CPU
		{8EF32555-52A3-457E-B832-2940AC178D2C}.Release|Any CPU.Build.0 = Release|Any CPU
		{EFEE2200-4D3E-4B45-9F88-B01D226F9349}.Debug|Any CPU.ActiveCfg = Debug|Any CPU
		{EFEE2200-4D3E-4B45-9F88-B01D226F9349}.Debug|Any CPU.Build.0 = Debug|Any CPU
		{EFEE2200-4D3E-4B45-9F88-B01D226F9349}.Release|Any CPU.ActiveCfg = Release|Any CPU
		{EFEE2200-4D3E-4B45-9F88-B01D226F9349}.Release|Any CPU.Build.0 = Release|Any CPU
		{3FA53468-2750-459F-82F7-A607298376DC}.Debug|Any CPU.ActiveCfg = Debug|Any CPU
		{3FA53468-2750-459F-82F7-A607298376DC}.Debug|Any CPU.Build.0 = Debug|Any CPU
		{3FA53468-2750-459F-82F7-A607298376DC}.Release|Any CPU.ActiveCfg = Release|Any CPU
		{3FA53468-2750-459F-82F7-A607298376DC}.Release|Any CPU.Build.0 = Release|Any CPU
		{A78178AE-7031-48A6-98FF-3D218DC9E365}.Debug|Any CPU.ActiveCfg = Debug|Any CPU
		{A78178AE-7031-48A6-98FF-3D218DC9E365}.Debug|Any CPU.Build.0 = Debug|Any CPU
		{A78178AE-7031-48A6-98FF-3D218DC9E365}.Release|Any CPU.ActiveCfg = Release|Any CPU
		{A78178AE-7031-48A6-98FF-3D218DC9E365}.Release|Any CPU.Build.0 = Release|Any CPU
		{63FE3718-F0C6-4F3F-9A8F-FF9DCC56BC5C}.Debug|Any CPU.ActiveCfg = Debug|Any CPU
		{63FE3718-F0C6-4F3F-9A8F-FF9DCC56BC5C}.Debug|Any CPU.Build.0 = Debug|Any CPU
		{63FE3718-F0C6-4F3F-9A8F-FF9DCC56BC5C}.Release|Any CPU.ActiveCfg = Release|Any CPU
		{63FE3718-F0C6-4F3F-9A8F-FF9DCC56BC5C}.Release|Any CPU.Build.0 = Release|Any CPU
		{785665EC-83E0-4E57-B5FD-A1B21A147F7B}.Debug|Any CPU.ActiveCfg = Debug|Any CPU
		{785665EC-83E0-4E57-B5FD-A1B21A147F7B}.Debug|Any CPU.Build.0 = Debug|Any CPU
		{785665EC-83E0-4E57-B5FD-A1B21A147F7B}.Release|Any CPU.ActiveCfg = Release|Any CPU
		{785665EC-83E0-4E57-B5FD-A1B21A147F7B}.Release|Any CPU.Build.0 = Release|Any CPU
		{D23316A8-D104-4BC4-9FCA-FB0F54EFAFB1}.Debug|Any CPU.ActiveCfg = Debug|Any CPU
		{D23316A8-D104-4BC4-9FCA-FB0F54EFAFB1}.Debug|Any CPU.Build.0 = Debug|Any CPU
		{D23316A8-D104-4BC4-9FCA-FB0F54EFAFB1}.Release|Any CPU.ActiveCfg = Release|Any CPU
		{D23316A8-D104-4BC4-9FCA-FB0F54EFAFB1}.Release|Any CPU.Build.0 = Release|Any CPU
		{70D9AEC8-07CE-4BD7-B360-9AC247323E8B}.Debug|Any CPU.ActiveCfg = Debug|Any CPU
		{70D9AEC8-07CE-4BD7-B360-9AC247323E8B}.Debug|Any CPU.Build.0 = Debug|Any CPU
		{70D9AEC8-07CE-4BD7-B360-9AC247323E8B}.Release|Any CPU.ActiveCfg = Release|Any CPU
		{70D9AEC8-07CE-4BD7-B360-9AC247323E8B}.Release|Any CPU.Build.0 = Release|Any CPU
	EndGlobalSection
	GlobalSection(SolutionProperties) = preSolution
		HideSolutionNode = FALSE
	EndGlobalSection
	GlobalSection(NestedProjects) = preSolution
		{289D0A47-AFBE-4835-8BC0-68694041FE1D} = {59F50AA8-6358-48C6-84E7-861A2EC4C01B}
		{8EF32555-52A3-457E-B832-2940AC178D2C} = {59F50AA8-6358-48C6-84E7-861A2EC4C01B}
		{EFEE2200-4D3E-4B45-9F88-B01D226F9349} = {A995339B-3E9C-46E0-9AB1-7D14B6D5E7F7}
		{3FA53468-2750-459F-82F7-A607298376DC} = {84D8E22E-CEA6-4AFF-89B8-4CA0BB55A11D}
		{70D9AEC8-07CE-4BD7-B360-9AC247323E8B} = {84D8E22E-CEA6-4AFF-89B8-4CA0BB55A11D}
	EndGlobalSection
	GlobalSection(ExtensibilityGlobals) = postSolution
		SolutionGuid = {297416CF-E620-4DD9-B1E3-A59673237A6A}
	EndGlobalSection
EndGlobal
