
Microsoft Visual Studio Solution File, Format Version 12.00
Project("{FAE04EC0-301F-11D3-BF4B-00C04F79EFBC}") = "FrameworkSDK", "SDK\FrameworkSDK\FrameworkSDK.csproj", "{49714770-7749-451F-89CF-63F56E7FB1AD}"
EndProject
Project("{2150E333-8FDC-42A3-9474-1A3956D46DE8}") = "SDK", "SDK", "{B0EB46E2-5A55-475C-9AB7-8B407D659D6B}"
EndProject
Project("{2150E333-8FDC-42A3-9474-1A3956D46DE8}") = "Monogame", "Monogame", "{3336C4B8-3EC2-4903-9054-2CD5C1E34003}"
EndProject
Project("{FAE04EC0-301F-11D3-BF4B-00C04F79EFBC}") = "FrameworkSDK.MonoGame", "SDK\FrameworkSDK.MonoGame\FrameworkSDK.MonoGame.csproj", "{CD35E6FE-C290-4E4A-9F38-FBF955F67D96}"
EndProject
Project("{FAE04EC0-301F-11D3-BF4B-00C04F79EFBC}") = "MonoGameExtensions", "SDK\MonoGameExtensions\MonoGameExtensions.csproj", "{B34BE34D-BB88-419A-BF9B-A1719A0ED11E}"
EndProject
Project("{FAE04EC0-301F-11D3-BF4B-00C04F79EFBC}") = "NetExtensions", "SDK\NetExtensions\NetExtensions.csproj", "{69C1DDF9-9994-436C-B216-EB568E484727}"
EndProject
Project("{2150E333-8FDC-42A3-9474-1A3956D46DE8}") = "Monogame", "Monogame", "{E3C2B652-9095-4DB3-8CB9-5E2391168D8A}"
EndProject
Project("{2150E333-8FDC-42A3-9474-1A3956D46DE8}") = "Adapters", "Adapters", "{7024EAA5-6229-451E-8F30-9C21987B7493}"
EndProject
Project("{FAE04EC0-301F-11D3-BF4B-00C04F79EFBC}") = "Autofac.FrameworkAdapter", "Utils\Adapters\Autofac.FrameworkAdapter\Autofac.FrameworkAdapter.csproj", "{7A4694EE-6F58-4E88-9BEB-03EE669542EA}"
EndProject
Project("{FAE04EC0-301F-11D3-BF4B-00C04F79EFBC}") = "Logging.FrameworkAdapter", "Utils\Adapters\Logging.FrameworkAdapter\Logging.FrameworkAdapter.csproj", "{CF04CE00-C97A-47A6-A7C9-1B11D4C7BF32}"
EndProject
Project("{FAE04EC0-301F-11D3-BF4B-00C04F79EFBC}") = "Console.LoggingAdapter", "Utils\Adapters\Console.LoggingAdapter\Console.LoggingAdapter.csproj", "{F98BC08A-F058-4BF0-BA1F-CFD5E9033A9A}"
EndProject
Project("{FAE04EC0-301F-11D3-BF4B-00C04F79EFBC}") = "Console.GameFrameworkAdapter", "Utils\Adapters\Console.GameFrameworkAdapter\Console.GameFrameworkAdapter.csproj", "{EDFD58A9-7695-412F-B3A9-27AD6E6E75A6}"
EndProject
Project("{FAE04EC0-301F-11D3-BF4B-00C04F79EFBC}") = "Logging", "Utils\Logging\Logging.csproj", "{50F990BC-A494-44A5-8921-25597E9612D3}"
EndProject
Project("{FAE04EC0-301F-11D3-BF4B-00C04F79EFBC}") = "FriendlyRoguelike.Client.Core", "Games.FriendlyRoguelike\FriendlyRoguelike.Client.Core\FriendlyRoguelike.Client.Core.csproj", "{9EE25434-12B0-4B87-99CC-A8B5EE7AE221}"
EndProject
Project("{FAE04EC0-301F-11D3-BF4B-00C04F79EFBC}") = "FriendlyRoguelike.Client.Monogame", "Games.FriendlyRoguelike\FriendlyRoguelike.Client.Monogame\FriendlyRoguelike.Client.Monogame.csproj", "{EF0A9C59-0630-4C62-91CF-F588DA33F7EA}"
EndProject
Project("{FAE04EC0-301F-11D3-BF4B-00C04F79EFBC}") = "FriendlyRoguelike.Client.MacOS", "Games.FriendlyRoguelike\FriendlyRoguelike.Monogame.MacOS\FriendlyRoguelike.Client.MacOS.csproj", "{8AE9B21A-DD77-45BB-BBC3-B6F607C3FB55}"
EndProject
Global
	GlobalSection(SolutionConfigurationPlatforms) = preSolution
		Debug|Any CPU = Debug|Any CPU
		Release|Any CPU = Release|Any CPU
	EndGlobalSection
	GlobalSection(ProjectConfigurationPlatforms) = postSolution
		{49714770-7749-451F-89CF-63F56E7FB1AD}.Debug|Any CPU.ActiveCfg = Debug|Any CPU
		{49714770-7749-451F-89CF-63F56E7FB1AD}.Debug|Any CPU.Build.0 = Debug|Any CPU
		{49714770-7749-451F-89CF-63F56E7FB1AD}.Release|Any CPU.ActiveCfg = Release|Any CPU
		{49714770-7749-451F-89CF-63F56E7FB1AD}.Release|Any CPU.Build.0 = Release|Any CPU
		{CD35E6FE-C290-4E4A-9F38-FBF955F67D96}.Debug|Any CPU.ActiveCfg = Debug|Any CPU
		{CD35E6FE-C290-4E4A-9F38-FBF955F67D96}.Debug|Any CPU.Build.0 = Debug|Any CPU
		{CD35E6FE-C290-4E4A-9F38-FBF955F67D96}.Release|Any CPU.ActiveCfg = Release|Any CPU
		{CD35E6FE-C290-4E4A-9F38-FBF955F67D96}.Release|Any CPU.Build.0 = Release|Any CPU
		{B34BE34D-BB88-419A-BF9B-A1719A0ED11E}.Debug|Any CPU.ActiveCfg = Debug|Any CPU
		{B34BE34D-BB88-419A-BF9B-A1719A0ED11E}.Debug|Any CPU.Build.0 = Debug|Any CPU
		{B34BE34D-BB88-419A-BF9B-A1719A0ED11E}.Release|Any CPU.ActiveCfg = Release|Any CPU
		{B34BE34D-BB88-419A-BF9B-A1719A0ED11E}.Release|Any CPU.Build.0 = Release|Any CPU
		{69C1DDF9-9994-436C-B216-EB568E484727}.Debug|Any CPU.ActiveCfg = Debug|Any CPU
		{69C1DDF9-9994-436C-B216-EB568E484727}.Debug|Any CPU.Build.0 = Debug|Any CPU
		{69C1DDF9-9994-436C-B216-EB568E484727}.Release|Any CPU.ActiveCfg = Release|Any CPU
		{69C1DDF9-9994-436C-B216-EB568E484727}.Release|Any CPU.Build.0 = Release|Any CPU
		{7A4694EE-6F58-4E88-9BEB-03EE669542EA}.Debug|Any CPU.ActiveCfg = Debug|Any CPU
		{7A4694EE-6F58-4E88-9BEB-03EE669542EA}.Debug|Any CPU.Build.0 = Debug|Any CPU
		{7A4694EE-6F58-4E88-9BEB-03EE669542EA}.Release|Any CPU.ActiveCfg = Release|Any CPU
		{7A4694EE-6F58-4E88-9BEB-03EE669542EA}.Release|Any CPU.Build.0 = Release|Any CPU
		{CF04CE00-C97A-47A6-A7C9-1B11D4C7BF32}.Debug|Any CPU.ActiveCfg = Debug|Any CPU
		{CF04CE00-C97A-47A6-A7C9-1B11D4C7BF32}.Debug|Any CPU.Build.0 = Debug|Any CPU
		{CF04CE00-C97A-47A6-A7C9-1B11D4C7BF32}.Release|Any CPU.ActiveCfg = Release|Any CPU
		{CF04CE00-C97A-47A6-A7C9-1B11D4C7BF32}.Release|Any CPU.Build.0 = Release|Any CPU
		{F98BC08A-F058-4BF0-BA1F-CFD5E9033A9A}.Debug|Any CPU.ActiveCfg = Debug|Any CPU
		{F98BC08A-F058-4BF0-BA1F-CFD5E9033A9A}.Debug|Any CPU.Build.0 = Debug|Any CPU
		{F98BC08A-F058-4BF0-BA1F-CFD5E9033A9A}.Release|Any CPU.ActiveCfg = Release|Any CPU
		{F98BC08A-F058-4BF0-BA1F-CFD5E9033A9A}.Release|Any CPU.Build.0 = Release|Any CPU
		{EDFD58A9-7695-412F-B3A9-27AD6E6E75A6}.Debug|Any CPU.ActiveCfg = Debug|Any CPU
		{EDFD58A9-7695-412F-B3A9-27AD6E6E75A6}.Debug|Any CPU.Build.0 = Debug|Any CPU
		{EDFD58A9-7695-412F-B3A9-27AD6E6E75A6}.Release|Any CPU.ActiveCfg = Release|Any CPU
		{EDFD58A9-7695-412F-B3A9-27AD6E6E75A6}.Release|Any CPU.Build.0 = Release|Any CPU
		{50F990BC-A494-44A5-8921-25597E9612D3}.Debug|Any CPU.ActiveCfg = Debug|Any CPU
		{50F990BC-A494-44A5-8921-25597E9612D3}.Debug|Any CPU.Build.0 = Debug|Any CPU
		{50F990BC-A494-44A5-8921-25597E9612D3}.Release|Any CPU.ActiveCfg = Release|Any CPU
		{50F990BC-A494-44A5-8921-25597E9612D3}.Release|Any CPU.Build.0 = Release|Any CPU
		{9EE25434-12B0-4B87-99CC-A8B5EE7AE221}.Debug|Any CPU.ActiveCfg = Debug|Any CPU
		{9EE25434-12B0-4B87-99CC-A8B5EE7AE221}.Debug|Any CPU.Build.0 = Debug|Any CPU
		{9EE25434-12B0-4B87-99CC-A8B5EE7AE221}.Release|Any CPU.ActiveCfg = Release|Any CPU
		{9EE25434-12B0-4B87-99CC-A8B5EE7AE221}.Release|Any CPU.Build.0 = Release|Any CPU
		{EF0A9C59-0630-4C62-91CF-F588DA33F7EA}.Debug|Any CPU.ActiveCfg = Debug|Any CPU
		{EF0A9C59-0630-4C62-91CF-F588DA33F7EA}.Debug|Any CPU.Build.0 = Debug|Any CPU
		{EF0A9C59-0630-4C62-91CF-F588DA33F7EA}.Release|Any CPU.ActiveCfg = Release|Any CPU
		{EF0A9C59-0630-4C62-91CF-F588DA33F7EA}.Release|Any CPU.Build.0 = Release|Any CPU
		{8AE9B21A-DD77-45BB-BBC3-B6F607C3FB55}.Debug|Any CPU.ActiveCfg = Debug|Any CPU
		{8AE9B21A-DD77-45BB-BBC3-B6F607C3FB55}.Debug|Any CPU.Build.0 = Debug|Any CPU
		{8AE9B21A-DD77-45BB-BBC3-B6F607C3FB55}.Release|Any CPU.ActiveCfg = Release|Any CPU
		{8AE9B21A-DD77-45BB-BBC3-B6F607C3FB55}.Release|Any CPU.Build.0 = Release|Any CPU
	EndGlobalSection
	GlobalSection(NestedProjects) = preSolution
		{49714770-7749-451F-89CF-63F56E7FB1AD} = {B0EB46E2-5A55-475C-9AB7-8B407D659D6B}
		{69C1DDF9-9994-436C-B216-EB568E484727} = {B0EB46E2-5A55-475C-9AB7-8B407D659D6B}
		{E3C2B652-9095-4DB3-8CB9-5E2391168D8A} = {B0EB46E2-5A55-475C-9AB7-8B407D659D6B}
		{CD35E6FE-C290-4E4A-9F38-FBF955F67D96} = {E3C2B652-9095-4DB3-8CB9-5E2391168D8A}
		{B34BE34D-BB88-419A-BF9B-A1719A0ED11E} = {E3C2B652-9095-4DB3-8CB9-5E2391168D8A}
		{7024EAA5-6229-451E-8F30-9C21987B7493} = {B0EB46E2-5A55-475C-9AB7-8B407D659D6B}
		{7A4694EE-6F58-4E88-9BEB-03EE669542EA} = {7024EAA5-6229-451E-8F30-9C21987B7493}
		{CF04CE00-C97A-47A6-A7C9-1B11D4C7BF32} = {7024EAA5-6229-451E-8F30-9C21987B7493}
		{EDFD58A9-7695-412F-B3A9-27AD6E6E75A6} = {E3C2B652-9095-4DB3-8CB9-5E2391168D8A}
		{50F990BC-A494-44A5-8921-25597E9612D3} = {B0EB46E2-5A55-475C-9AB7-8B407D659D6B}
		{F98BC08A-F058-4BF0-BA1F-CFD5E9033A9A} = {7024EAA5-6229-451E-8F30-9C21987B7493}
		{EF0A9C59-0630-4C62-91CF-F588DA33F7EA} = {3336C4B8-3EC2-4903-9054-2CD5C1E34003}
	EndGlobalSection
EndGlobal
