
Microsoft Visual Studio Solution File, Format Version 12.00
# Visual Studio 15
VisualStudioVersion = 15.0.27428.2037
MinimumVisualStudioVersion = 10.0.40219.1
Project("{2150E333-8FDC-42A3-9474-1A3956D46DE8}") = "Utils", "Utils", "{9E583A2C-E4F2-4C25-84DB-03291113BA2A}"
EndProject
Project("{FAE04EC0-301F-11D3-BF4B-00C04F79EFBC}") = "HeroesGame", "HeroesGame\HeroesGame.csproj", "{FD976E26-AAD3-4407-8B76-4B02B38B4563}"
EndProject
Project("{FAE04EC0-301F-11D3-BF4B-00C04F79EFBC}") = "ConsoleWindow", "Utils\ConsoleWindow\ConsoleWindow.csproj", "{6433E232-4A48-420D-A2C1-0BEFDA8A5AD2}"
EndProject
Project("{FAE04EC0-301F-11D3-BF4B-00C04F79EFBC}") = "Logging", "Utils\Logging\Logging.csproj", "{3FA53468-2750-459F-82F7-A607298376DC}"
EndProject
Project("{2150E333-8FDC-42A3-9474-1A3956D46DE8}") = "SDK", "SDK", "{040208A7-46D7-410C-B0E9-5561DA095F57}"
EndProject
Project("{FAE04EC0-301F-11D3-BF4B-00C04F79EFBC}") = "NetExtensions", "SDK\NetExtensions\NetExtensions.csproj", "{4F0DFC01-8178-46A2-AAFE-DD8EE8AFAB1C}"
EndProject
Project("{FAE04EC0-301F-11D3-BF4B-00C04F79EFBC}") = "MonoGameExtensions", "SDK\MonoGameExtensions\MonoGameExtensions.csproj", "{87A799E0-4BE1-4241-9D17-192F517BC734}"
EndProject
Project("{FAE04EC0-301F-11D3-BF4B-00C04F79EFBC}") = "FrameworkSDK", "SDK\FrameworkSDK\FrameworkSDK.csproj", "{1C9A9C3F-5163-4F5A-B1CB-C43876980910}"
EndProject
Global
	GlobalSection(SolutionConfigurationPlatforms) = preSolution
		Debug|Any CPU = Debug|Any CPU
		Debug|x86 = Debug|x86
		Release|Any CPU = Release|Any CPU
		Release|x86 = Release|x86
	EndGlobalSection
	GlobalSection(ProjectConfigurationPlatforms) = postSolution
		{FD976E26-AAD3-4407-8B76-4B02B38B4563}.Debug|Any CPU.ActiveCfg = Debug|Any CPU
		{FD976E26-AAD3-4407-8B76-4B02B38B4563}.Debug|Any CPU.Build.0 = Debug|Any CPU
		{FD976E26-AAD3-4407-8B76-4B02B38B4563}.Debug|x86.ActiveCfg = Debug|Any CPU
		{FD976E26-AAD3-4407-8B76-4B02B38B4563}.Debug|x86.Build.0 = Debug|Any CPU
		{FD976E26-AAD3-4407-8B76-4B02B38B4563}.Release|Any CPU.ActiveCfg = Release|Any CPU
		{FD976E26-AAD3-4407-8B76-4B02B38B4563}.Release|Any CPU.Build.0 = Release|Any CPU
		{FD976E26-AAD3-4407-8B76-4B02B38B4563}.Release|x86.ActiveCfg = Release|Any CPU
		{FD976E26-AAD3-4407-8B76-4B02B38B4563}.Release|x86.Build.0 = Release|Any CPU
		{6433E232-4A48-420D-A2C1-0BEFDA8A5AD2}.Debug|Any CPU.ActiveCfg = Debug|Any CPU
		{6433E232-4A48-420D-A2C1-0BEFDA8A5AD2}.Debug|Any CPU.Build.0 = Debug|Any CPU
		{6433E232-4A48-420D-A2C1-0BEFDA8A5AD2}.Debug|x86.ActiveCfg = Debug|Any CPU
		{6433E232-4A48-420D-A2C1-0BEFDA8A5AD2}.Debug|x86.Build.0 = Debug|Any CPU
		{6433E232-4A48-420D-A2C1-0BEFDA8A5AD2}.Release|Any CPU.ActiveCfg = Release|Any CPU
		{6433E232-4A48-420D-A2C1-0BEFDA8A5AD2}.Release|Any CPU.Build.0 = Release|Any CPU
		{6433E232-4A48-420D-A2C1-0BEFDA8A5AD2}.Release|x86.ActiveCfg = Release|Any CPU
		{6433E232-4A48-420D-A2C1-0BEFDA8A5AD2}.Release|x86.Build.0 = Release|Any CPU
		{3FA53468-2750-459F-82F7-A607298376DC}.Debug|Any CPU.ActiveCfg = Debug|Any CPU
		{3FA53468-2750-459F-82F7-A607298376DC}.Debug|Any CPU.Build.0 = Debug|Any CPU
		{3FA53468-2750-459F-82F7-A607298376DC}.Debug|x86.ActiveCfg = Debug|Any CPU
		{3FA53468-2750-459F-82F7-A607298376DC}.Debug|x86.Build.0 = Debug|Any CPU
		{3FA53468-2750-459F-82F7-A607298376DC}.Release|Any CPU.ActiveCfg = Release|Any CPU
		{3FA53468-2750-459F-82F7-A607298376DC}.Release|Any CPU.Build.0 = Release|Any CPU
		{3FA53468-2750-459F-82F7-A607298376DC}.Release|x86.ActiveCfg = Release|Any CPU
		{3FA53468-2750-459F-82F7-A607298376DC}.Release|x86.Build.0 = Release|Any CPU
		{4F0DFC01-8178-46A2-AAFE-DD8EE8AFAB1C}.Debug|Any CPU.ActiveCfg = Debug|Any CPU
		{4F0DFC01-8178-46A2-AAFE-DD8EE8AFAB1C}.Debug|Any CPU.Build.0 = Debug|Any CPU
		{4F0DFC01-8178-46A2-AAFE-DD8EE8AFAB1C}.Debug|x86.ActiveCfg = Debug|Any CPU
		{4F0DFC01-8178-46A2-AAFE-DD8EE8AFAB1C}.Debug|x86.Build.0 = Debug|Any CPU
		{4F0DFC01-8178-46A2-AAFE-DD8EE8AFAB1C}.Release|Any CPU.ActiveCfg = Release|Any CPU
		{4F0DFC01-8178-46A2-AAFE-DD8EE8AFAB1C}.Release|Any CPU.Build.0 = Release|Any CPU
		{4F0DFC01-8178-46A2-AAFE-DD8EE8AFAB1C}.Release|x86.ActiveCfg = Release|Any CPU
		{4F0DFC01-8178-46A2-AAFE-DD8EE8AFAB1C}.Release|x86.Build.0 = Release|Any CPU
		{87A799E0-4BE1-4241-9D17-192F517BC734}.Debug|Any CPU.ActiveCfg = Debug|Any CPU
		{87A799E0-4BE1-4241-9D17-192F517BC734}.Debug|Any CPU.Build.0 = Debug|Any CPU
		{87A799E0-4BE1-4241-9D17-192F517BC734}.Debug|x86.ActiveCfg = Debug|Any CPU
		{87A799E0-4BE1-4241-9D17-192F517BC734}.Debug|x86.Build.0 = Debug|Any CPU
		{87A799E0-4BE1-4241-9D17-192F517BC734}.Release|Any CPU.ActiveCfg = Release|Any CPU
		{87A799E0-4BE1-4241-9D17-192F517BC734}.Release|Any CPU.Build.0 = Release|Any CPU
		{87A799E0-4BE1-4241-9D17-192F517BC734}.Release|x86.ActiveCfg = Release|Any CPU
		{87A799E0-4BE1-4241-9D17-192F517BC734}.Release|x86.Build.0 = Release|Any CPU
		{1C9A9C3F-5163-4F5A-B1CB-C43876980910}.Debug|Any CPU.ActiveCfg = Debug|Any CPU
		{1C9A9C3F-5163-4F5A-B1CB-C43876980910}.Debug|Any CPU.Build.0 = Debug|Any CPU
		{1C9A9C3F-5163-4F5A-B1CB-C43876980910}.Debug|x86.ActiveCfg = Debug|Any CPU
		{1C9A9C3F-5163-4F5A-B1CB-C43876980910}.Debug|x86.Build.0 = Debug|Any CPU
		{1C9A9C3F-5163-4F5A-B1CB-C43876980910}.Release|Any CPU.ActiveCfg = Release|Any CPU
		{1C9A9C3F-5163-4F5A-B1CB-C43876980910}.Release|Any CPU.Build.0 = Release|Any CPU
		{1C9A9C3F-5163-4F5A-B1CB-C43876980910}.Release|x86.ActiveCfg = Release|Any CPU
		{1C9A9C3F-5163-4F5A-B1CB-C43876980910}.Release|x86.Build.0 = Release|Any CPU
	EndGlobalSection
	GlobalSection(SolutionProperties) = preSolution
		HideSolutionNode = FALSE
	EndGlobalSection
	GlobalSection(NestedProjects) = preSolution
		{6433E232-4A48-420D-A2C1-0BEFDA8A5AD2} = {9E583A2C-E4F2-4C25-84DB-03291113BA2A}
		{3FA53468-2750-459F-82F7-A607298376DC} = {9E583A2C-E4F2-4C25-84DB-03291113BA2A}
		{4F0DFC01-8178-46A2-AAFE-DD8EE8AFAB1C} = {040208A7-46D7-410C-B0E9-5561DA095F57}
		{87A799E0-4BE1-4241-9D17-192F517BC734} = {040208A7-46D7-410C-B0E9-5561DA095F57}
		{1C9A9C3F-5163-4F5A-B1CB-C43876980910} = {040208A7-46D7-410C-B0E9-5561DA095F57}
	EndGlobalSection
	GlobalSection(ExtensibilityGlobals) = postSolution
		SolutionGuid = {31845325-64B8-4225-8211-715807FE1667}
	EndGlobalSection
EndGlobal
