
Microsoft Visual Studio Solution File, Format Version 12.00
# Visual Studio 15
VisualStudioVersion = 15.0.27428.2037
MinimumVisualStudioVersion = 10.0.40219.1
Project("{2150E333-8FDC-42A3-9474-1A3956D46DE8}") = "Utils", "Utils", "{9E583A2C-E4F2-4C25-84DB-03291113BA2A}"
EndProject
Project("{FAE04EC0-301F-11D3-BF4B-00C04F79EFBC}") = "ConsoleWindow", "Utils\ConsoleWindow\ConsoleWindow.csproj", "{6433E232-4A48-420D-A2C1-0BEFDA8A5AD2}"
EndProject
Project("{FAE04EC0-301F-11D3-BF4B-00C04F79EFBC}") = "Logging", "Utils\Logging\Logging.csproj", "{3FA53468-2750-459F-82F7-A607298376DC}"
EndProject
Project("{2150E333-8FDC-42A3-9474-1A3956D46DE8}") = "SDK", "SDK", "{040208A7-46D7-410C-B0E9-5561DA095F57}"
EndProject
Project("{FAE04EC0-301F-11D3-BF4B-00C04F79EFBC}") = "MonoGameExtensions", "SDK\MonoGameExtensions\MonoGameExtensions.csproj", "{87A799E0-4BE1-4241-9D17-192F517BC734}"
EndProject
Project("{FAE04EC0-301F-11D3-BF4B-00C04F79EFBC}") = "Epic.Game", "Epic.Game\Epic.Game.csproj", "{FD976E26-AAD3-4407-8B76-4B02B38B4563}"
EndProject
Project("{9A19103F-16F7-4668-BE54-9A1E7A4F7556}") = "Epic.Data", "Epic.Data\Epic.Data.csproj", "{5F10FE28-F623-4E53-9181-5B6EDA2432FD}"
EndProject
Project("{2150E333-8FDC-42A3-9474-1A3956D46DE8}") = "Libs", "Libs", "{2E16D8F7-4E7E-41C4-917E-4F0E34C1B0F2}"
EndProject
Project("{9A19103F-16F7-4668-BE54-9A1E7A4F7556}") = "NetExtensions", "SDK\NetExtensions\NetExtensions.csproj", "{EF610C39-8F90-4FCD-A95D-B041BF71251D}"
EndProject
Project("{9A19103F-16F7-4668-BE54-9A1E7A4F7556}") = "HexoGrid", "Libs\HexoGrid\HexoGrid.csproj", "{5B6D0A8E-338C-4695-A5BF-65820A48EE85}"
EndProject
Project("{9A19103F-16F7-4668-BE54-9A1E7A4F7556}") = "Epic.Logic", "Epic.Logic\Epic.Logic.csproj", "{384F75BA-CF0F-4256-A6C9-52699562D427}"
EndProject
Project("{FAE04EC0-301F-11D3-BF4B-00C04F79EFBC}") = "Epic.Core", "Epic.Core\Epic.Core.csproj", "{BBD54A85-1E60-4D57-9BEF-5D10928D069E}"
EndProject
Project("{FAE04EC0-301F-11D3-BF4B-00C04F79EFBC}") = "Epic.Battle", "Epic.Battle\Epic.Battle.csproj", "{DC326006-A0E3-40A5-8DE3-A4CD9F916856}"
EndProject
Project("{FAE04EC0-301F-11D3-BF4B-00C04F79EFBC}") = "FrameworkSDK.MonoGame", "SDK\FrameworkSDK.MonoGame\FrameworkSDK.MonoGame.csproj", "{1C9A9C3F-5163-4F5A-B1CB-C43876980910}"
EndProject
Project("{9A19103F-16F7-4668-BE54-9A1E7A4F7556}") = "FrameworkSDK", "SDK\FrameworkSDK\FrameworkSDK.csproj", "{9D88FE04-33A4-40E7-814A-AECCC814E0D8}"
EndProject
Global
	GlobalSection(SolutionConfigurationPlatforms) = preSolution
		Debug|Any CPU = Debug|Any CPU
		Debug|x86 = Debug|x86
		Release|Any CPU = Release|Any CPU
		Release|x86 = Release|x86
	EndGlobalSection
	GlobalSection(ProjectConfigurationPlatforms) = postSolution
		{6433E232-4A48-420D-A2C1-0BEFDA8A5AD2}.Debug|Any CPU.ActiveCfg = Debug|Any CPU
		{6433E232-4A48-420D-A2C1-0BEFDA8A5AD2}.Debug|Any CPU.Build.0 = Debug|Any CPU
		{6433E232-4A48-420D-A2C1-0BEFDA8A5AD2}.Debug|x86.ActiveCfg = Debug|Any CPU
		{6433E232-4A48-420D-A2C1-0BEFDA8A5AD2}.Debug|x86.Build.0 = Debug|Any CPU
		{6433E232-4A48-420D-A2C1-0BEFDA8A5AD2}.Release|Any CPU.ActiveCfg = Release|Any CPU
		{6433E232-4A48-420D-A2C1-0BEFDA8A5AD2}.Release|Any CPU.Build.0 = Release|Any CPU
		{6433E232-4A48-420D-A2C1-0BEFDA8A5AD2}.Release|x86.ActiveCfg = Release|Any CPU
		{6433E232-4A48-420D-A2C1-0BEFDA8A5AD2}.Release|x86.Build.0 = Release|Any CPU
		{3FA53468-2750-459F-82F7-A607298376DC}.Debug|Any CPU.ActiveCfg = Debug|Any CPU
		{3FA53468-2750-459F-82F7-A607298376DC}.Debug|Any CPU.Build.0 = Debug|Any CPU
		{3FA53468-2750-459F-82F7-A607298376DC}.Debug|x86.ActiveCfg = Debug|Any CPU
		{3FA53468-2750-459F-82F7-A607298376DC}.Debug|x86.Build.0 = Debug|Any CPU
		{3FA53468-2750-459F-82F7-A607298376DC}.Release|Any CPU.ActiveCfg = Release|Any CPU
		{3FA53468-2750-459F-82F7-A607298376DC}.Release|Any CPU.Build.0 = Release|Any CPU
		{3FA53468-2750-459F-82F7-A607298376DC}.Release|x86.ActiveCfg = Release|Any CPU
		{3FA53468-2750-459F-82F7-A607298376DC}.Release|x86.Build.0 = Release|Any CPU
		{87A799E0-4BE1-4241-9D17-192F517BC734}.Debug|Any CPU.ActiveCfg = Debug|Any CPU
		{87A799E0-4BE1-4241-9D17-192F517BC734}.Debug|Any CPU.Build.0 = Debug|Any CPU
		{87A799E0-4BE1-4241-9D17-192F517BC734}.Debug|x86.ActiveCfg = Debug|Any CPU
		{87A799E0-4BE1-4241-9D17-192F517BC734}.Debug|x86.Build.0 = Debug|Any CPU
		{87A799E0-4BE1-4241-9D17-192F517BC734}.Release|Any CPU.ActiveCfg = Release|Any CPU
		{87A799E0-4BE1-4241-9D17-192F517BC734}.Release|Any CPU.Build.0 = Release|Any CPU
		{87A799E0-4BE1-4241-9D17-192F517BC734}.Release|x86.ActiveCfg = Release|Any CPU
		{87A799E0-4BE1-4241-9D17-192F517BC734}.Release|x86.Build.0 = Release|Any CPU
		{FD976E26-AAD3-4407-8B76-4B02B38B4563}.Debug|Any CPU.ActiveCfg = Debug|Any CPU
		{FD976E26-AAD3-4407-8B76-4B02B38B4563}.Debug|Any CPU.Build.0 = Debug|Any CPU
		{FD976E26-AAD3-4407-8B76-4B02B38B4563}.Debug|x86.ActiveCfg = Debug|Any CPU
		{FD976E26-AAD3-4407-8B76-4B02B38B4563}.Debug|x86.Build.0 = Debug|Any CPU
		{FD976E26-AAD3-4407-8B76-4B02B38B4563}.Release|Any CPU.ActiveCfg = Release|Any CPU
		{FD976E26-AAD3-4407-8B76-4B02B38B4563}.Release|Any CPU.Build.0 = Release|Any CPU
		{FD976E26-AAD3-4407-8B76-4B02B38B4563}.Release|x86.ActiveCfg = Release|Any CPU
		{FD976E26-AAD3-4407-8B76-4B02B38B4563}.Release|x86.Build.0 = Release|Any CPU
		{5F10FE28-F623-4E53-9181-5B6EDA2432FD}.Debug|Any CPU.ActiveCfg = Debug|Any CPU
		{5F10FE28-F623-4E53-9181-5B6EDA2432FD}.Debug|Any CPU.Build.0 = Debug|Any CPU
		{5F10FE28-F623-4E53-9181-5B6EDA2432FD}.Debug|x86.ActiveCfg = Debug|Any CPU
		{5F10FE28-F623-4E53-9181-5B6EDA2432FD}.Debug|x86.Build.0 = Debug|Any CPU
		{5F10FE28-F623-4E53-9181-5B6EDA2432FD}.Release|Any CPU.ActiveCfg = Release|Any CPU
		{5F10FE28-F623-4E53-9181-5B6EDA2432FD}.Release|Any CPU.Build.0 = Release|Any CPU
		{5F10FE28-F623-4E53-9181-5B6EDA2432FD}.Release|x86.ActiveCfg = Release|Any CPU
		{5F10FE28-F623-4E53-9181-5B6EDA2432FD}.Release|x86.Build.0 = Release|Any CPU
		{EF610C39-8F90-4FCD-A95D-B041BF71251D}.Debug|Any CPU.ActiveCfg = Debug|Any CPU
		{EF610C39-8F90-4FCD-A95D-B041BF71251D}.Debug|Any CPU.Build.0 = Debug|Any CPU
		{EF610C39-8F90-4FCD-A95D-B041BF71251D}.Debug|x86.ActiveCfg = Debug|Any CPU
		{EF610C39-8F90-4FCD-A95D-B041BF71251D}.Debug|x86.Build.0 = Debug|Any CPU
		{EF610C39-8F90-4FCD-A95D-B041BF71251D}.Release|Any CPU.ActiveCfg = Release|Any CPU
		{EF610C39-8F90-4FCD-A95D-B041BF71251D}.Release|Any CPU.Build.0 = Release|Any CPU
		{EF610C39-8F90-4FCD-A95D-B041BF71251D}.Release|x86.ActiveCfg = Release|Any CPU
		{EF610C39-8F90-4FCD-A95D-B041BF71251D}.Release|x86.Build.0 = Release|Any CPU
		{5B6D0A8E-338C-4695-A5BF-65820A48EE85}.Debug|Any CPU.ActiveCfg = Debug|Any CPU
		{5B6D0A8E-338C-4695-A5BF-65820A48EE85}.Debug|Any CPU.Build.0 = Debug|Any CPU
		{5B6D0A8E-338C-4695-A5BF-65820A48EE85}.Debug|x86.ActiveCfg = Debug|Any CPU
		{5B6D0A8E-338C-4695-A5BF-65820A48EE85}.Debug|x86.Build.0 = Debug|Any CPU
		{5B6D0A8E-338C-4695-A5BF-65820A48EE85}.Release|Any CPU.ActiveCfg = Release|Any CPU
		{5B6D0A8E-338C-4695-A5BF-65820A48EE85}.Release|Any CPU.Build.0 = Release|Any CPU
		{5B6D0A8E-338C-4695-A5BF-65820A48EE85}.Release|x86.ActiveCfg = Release|Any CPU
		{5B6D0A8E-338C-4695-A5BF-65820A48EE85}.Release|x86.Build.0 = Release|Any CPU
		{384F75BA-CF0F-4256-A6C9-52699562D427}.Debug|Any CPU.ActiveCfg = Debug|Any CPU
		{384F75BA-CF0F-4256-A6C9-52699562D427}.Debug|Any CPU.Build.0 = Debug|Any CPU
		{384F75BA-CF0F-4256-A6C9-52699562D427}.Debug|x86.ActiveCfg = Debug|Any CPU
		{384F75BA-CF0F-4256-A6C9-52699562D427}.Debug|x86.Build.0 = Debug|Any CPU
		{384F75BA-CF0F-4256-A6C9-52699562D427}.Release|Any CPU.ActiveCfg = Release|Any CPU
		{384F75BA-CF0F-4256-A6C9-52699562D427}.Release|Any CPU.Build.0 = Release|Any CPU
		{384F75BA-CF0F-4256-A6C9-52699562D427}.Release|x86.ActiveCfg = Release|Any CPU
		{384F75BA-CF0F-4256-A6C9-52699562D427}.Release|x86.Build.0 = Release|Any CPU
		{BBD54A85-1E60-4D57-9BEF-5D10928D069E}.Debug|Any CPU.ActiveCfg = Debug|Any CPU
		{BBD54A85-1E60-4D57-9BEF-5D10928D069E}.Debug|Any CPU.Build.0 = Debug|Any CPU
		{BBD54A85-1E60-4D57-9BEF-5D10928D069E}.Debug|x86.ActiveCfg = Debug|Any CPU
		{BBD54A85-1E60-4D57-9BEF-5D10928D069E}.Debug|x86.Build.0 = Debug|Any CPU
		{BBD54A85-1E60-4D57-9BEF-5D10928D069E}.Release|Any CPU.ActiveCfg = Release|Any CPU
		{BBD54A85-1E60-4D57-9BEF-5D10928D069E}.Release|Any CPU.Build.0 = Release|Any CPU
		{BBD54A85-1E60-4D57-9BEF-5D10928D069E}.Release|x86.ActiveCfg = Release|Any CPU
		{BBD54A85-1E60-4D57-9BEF-5D10928D069E}.Release|x86.Build.0 = Release|Any CPU
		{DC326006-A0E3-40A5-8DE3-A4CD9F916856}.Debug|Any CPU.ActiveCfg = Debug|Any CPU
		{DC326006-A0E3-40A5-8DE3-A4CD9F916856}.Debug|Any CPU.Build.0 = Debug|Any CPU
		{DC326006-A0E3-40A5-8DE3-A4CD9F916856}.Debug|x86.ActiveCfg = Debug|Any CPU
		{DC326006-A0E3-40A5-8DE3-A4CD9F916856}.Debug|x86.Build.0 = Debug|Any CPU
		{DC326006-A0E3-40A5-8DE3-A4CD9F916856}.Release|Any CPU.ActiveCfg = Release|Any CPU
		{DC326006-A0E3-40A5-8DE3-A4CD9F916856}.Release|Any CPU.Build.0 = Release|Any CPU
		{DC326006-A0E3-40A5-8DE3-A4CD9F916856}.Release|x86.ActiveCfg = Release|Any CPU
		{DC326006-A0E3-40A5-8DE3-A4CD9F916856}.Release|x86.Build.0 = Release|Any CPU
		{1C9A9C3F-5163-4F5A-B1CB-C43876980910}.Debug|Any CPU.ActiveCfg = Debug|Any CPU
		{1C9A9C3F-5163-4F5A-B1CB-C43876980910}.Debug|Any CPU.Build.0 = Debug|Any CPU
		{1C9A9C3F-5163-4F5A-B1CB-C43876980910}.Debug|x86.ActiveCfg = Debug|Any CPU
		{1C9A9C3F-5163-4F5A-B1CB-C43876980910}.Debug|x86.Build.0 = Debug|Any CPU
		{1C9A9C3F-5163-4F5A-B1CB-C43876980910}.Release|Any CPU.ActiveCfg = Release|Any CPU
		{1C9A9C3F-5163-4F5A-B1CB-C43876980910}.Release|Any CPU.Build.0 = Release|Any CPU
		{1C9A9C3F-5163-4F5A-B1CB-C43876980910}.Release|x86.ActiveCfg = Release|Any CPU
		{1C9A9C3F-5163-4F5A-B1CB-C43876980910}.Release|x86.Build.0 = Release|Any CPU
		{9D88FE04-33A4-40E7-814A-AECCC814E0D8}.Debug|Any CPU.ActiveCfg = Debug|Any CPU
		{9D88FE04-33A4-40E7-814A-AECCC814E0D8}.Debug|Any CPU.Build.0 = Debug|Any CPU
		{9D88FE04-33A4-40E7-814A-AECCC814E0D8}.Debug|x86.ActiveCfg = Debug|Any CPU
		{9D88FE04-33A4-40E7-814A-AECCC814E0D8}.Debug|x86.Build.0 = Debug|Any CPU
		{9D88FE04-33A4-40E7-814A-AECCC814E0D8}.Release|Any CPU.ActiveCfg = Release|Any CPU
		{9D88FE04-33A4-40E7-814A-AECCC814E0D8}.Release|Any CPU.Build.0 = Release|Any CPU
		{9D88FE04-33A4-40E7-814A-AECCC814E0D8}.Release|x86.ActiveCfg = Release|Any CPU
		{9D88FE04-33A4-40E7-814A-AECCC814E0D8}.Release|x86.Build.0 = Release|Any CPU
	EndGlobalSection
	GlobalSection(SolutionProperties) = preSolution
		HideSolutionNode = FALSE
	EndGlobalSection
	GlobalSection(NestedProjects) = preSolution
		{6433E232-4A48-420D-A2C1-0BEFDA8A5AD2} = {9E583A2C-E4F2-4C25-84DB-03291113BA2A}
		{3FA53468-2750-459F-82F7-A607298376DC} = {9E583A2C-E4F2-4C25-84DB-03291113BA2A}
		{87A799E0-4BE1-4241-9D17-192F517BC734} = {040208A7-46D7-410C-B0E9-5561DA095F57}
		{EF610C39-8F90-4FCD-A95D-B041BF71251D} = {040208A7-46D7-410C-B0E9-5561DA095F57}
		{5B6D0A8E-338C-4695-A5BF-65820A48EE85} = {2E16D8F7-4E7E-41C4-917E-4F0E34C1B0F2}
		{1C9A9C3F-5163-4F5A-B1CB-C43876980910} = {040208A7-46D7-410C-B0E9-5561DA095F57}
		{9D88FE04-33A4-40E7-814A-AECCC814E0D8} = {040208A7-46D7-410C-B0E9-5561DA095F57}
	EndGlobalSection
	GlobalSection(ExtensibilityGlobals) = postSolution
		SolutionGuid = {31845325-64B8-4225-8211-715807FE1667}
	EndGlobalSection
EndGlobal
