
Microsoft Visual Studio Solution File, Format Version 12.00
Project("{FAE04EC0-301F-11D3-BF4B-00C04F79EFBC}") = "NetExtensions", "SDK\NetExtensions\NetExtensions.csproj", "{482F9332-8734-4952-8A5C-D8A841322F3D}"
EndProject
Project("{2150E333-8FDC-42A3-9474-1A3956D46DE8}") = "SDK", "SDK", "{D4BE0E64-1E26-4015-93B9-1E766A37202F}"
EndProject
Project("{FAE04EC0-301F-11D3-BF4B-00C04F79EFBC}") = "MonoGameExtensions", "SDK\MonoGameExtensions\MonoGameExtensions.csproj", "{15438F2E-1997-416A-9761-0A7CC612E0C0}"
EndProject
Project("{FAE04EC0-301F-11D3-BF4B-00C04F79EFBC}") = "FrameworkSDK", "SDK\FrameworkSDK\FrameworkSDK.csproj", "{20705B7D-15B7-49FD-9C09-B08761C5DFE8}"
EndProject
Project("{FAE04EC0-301F-11D3-BF4B-00C04F79EFBC}") = "FrameworkSDK.MonoGame", "SDK\FrameworkSDK.MonoGame\FrameworkSDK.MonoGame.csproj", "{1511A9F1-06C6-4D0D-826E-2D222A1994C7}"
EndProject
Project("{FAE04EC0-301F-11D3-BF4B-00C04F79EFBC}") = "Logging.FrameworkAdapter", "Utils\Adapters\Logging.FrameworkAdapter\Logging.FrameworkAdapter.csproj", "{B0180E08-D627-4F05-8773-5DDED81ED319}"
EndProject
Project("{2150E333-8FDC-42A3-9474-1A3956D46DE8}") = "Adapters", "Adapters", "{C013B179-36BC-481B-8853-1E0F2C8E06BE}"
EndProject
Project("{FAE04EC0-301F-11D3-BF4B-00C04F79EFBC}") = "Console.LoggingAdapter", "Utils\Adapters\Console.LoggingAdapter\Console.LoggingAdapter.csproj", "{C9E12496-9D2A-4445-97AD-AA1962D9CD88}"
EndProject
Project("{FAE04EC0-301F-11D3-BF4B-00C04F79EFBC}") = "Console.GameFrameworkAdapter", "Utils\Adapters\Console.GameFrameworkAdapter\Console.GameFrameworkAdapter.csproj", "{9B31657D-5B91-45E0-A4ED-1D1FB28BEDBB}"
EndProject
Project("{FAE04EC0-301F-11D3-BF4B-00C04F79EFBC}") = "Console.Core", "Utils\Console\Console.Core\Console.Core.csproj", "{C76EAAAE-BDDF-4FF1-B45A-6AEB2E36FA63}"
EndProject
Project("{2150E333-8FDC-42A3-9474-1A3956D46DE8}") = "Plugins", "Plugins", "{897F704A-0ADD-46D7-89A1-26945D2475F0}"
EndProject
Project("{FAE04EC0-301F-11D3-BF4B-00C04F79EFBC}") = "Console.InGame", "Utils\Console\Console.InGame\Console.InGame.csproj", "{0EC013DF-7090-4CDB-B452-BE0392DE9D77}"
EndProject
Project("{FAE04EC0-301F-11D3-BF4B-00C04F79EFBC}") = "Console.FrameworkAdapter", "Utils\Adapters\Console.FrameworkAdapter\Console.FrameworkAdapter.csproj", "{99F134F3-EA7F-43B2-A2AC-8E42C0FC39C4}"
EndProject
Project("{FAE04EC0-301F-11D3-BF4B-00C04F79EFBC}") = "Omegas.Client.MacOs", "Games.Omegas\Omegas.Client.MacOs\Omegas.Client.MacOs.csproj", "{8AE9B21A-DD77-45BB-BBC3-B6F607C3FB55}"
EndProject
Project("{FAE04EC0-301F-11D3-BF4B-00C04F79EFBC}") = "SimplePhysics2D", "Utils\Adapters\SimplePhysics2D\SimplePhysics2D.csproj", "{5811015A-A1FB-4E60-9AE1-4C7F152663A3}"
EndProject
Global
	GlobalSection(SolutionConfigurationPlatforms) = preSolution
		Debug|Any CPU = Debug|Any CPU
		Release|Any CPU = Release|Any CPU
	EndGlobalSection
	GlobalSection(ProjectConfigurationPlatforms) = postSolution
		{482F9332-8734-4952-8A5C-D8A841322F3D}.Debug|Any CPU.ActiveCfg = Debug|Any CPU
		{482F9332-8734-4952-8A5C-D8A841322F3D}.Debug|Any CPU.Build.0 = Debug|Any CPU
		{482F9332-8734-4952-8A5C-D8A841322F3D}.Release|Any CPU.ActiveCfg = Release|Any CPU
		{482F9332-8734-4952-8A5C-D8A841322F3D}.Release|Any CPU.Build.0 = Release|Any CPU
		{15438F2E-1997-416A-9761-0A7CC612E0C0}.Debug|Any CPU.ActiveCfg = Debug|Any CPU
		{15438F2E-1997-416A-9761-0A7CC612E0C0}.Debug|Any CPU.Build.0 = Debug|Any CPU
		{15438F2E-1997-416A-9761-0A7CC612E0C0}.Release|Any CPU.ActiveCfg = Release|Any CPU
		{15438F2E-1997-416A-9761-0A7CC612E0C0}.Release|Any CPU.Build.0 = Release|Any CPU
		{20705B7D-15B7-49FD-9C09-B08761C5DFE8}.Debug|Any CPU.ActiveCfg = Debug|Any CPU
		{20705B7D-15B7-49FD-9C09-B08761C5DFE8}.Debug|Any CPU.Build.0 = Debug|Any CPU
		{20705B7D-15B7-49FD-9C09-B08761C5DFE8}.Release|Any CPU.ActiveCfg = Release|Any CPU
		{20705B7D-15B7-49FD-9C09-B08761C5DFE8}.Release|Any CPU.Build.0 = Release|Any CPU
		{1511A9F1-06C6-4D0D-826E-2D222A1994C7}.Debug|Any CPU.ActiveCfg = Debug|Any CPU
		{1511A9F1-06C6-4D0D-826E-2D222A1994C7}.Debug|Any CPU.Build.0 = Debug|Any CPU
		{1511A9F1-06C6-4D0D-826E-2D222A1994C7}.Release|Any CPU.ActiveCfg = Release|Any CPU
		{1511A9F1-06C6-4D0D-826E-2D222A1994C7}.Release|Any CPU.Build.0 = Release|Any CPU
		{B0180E08-D627-4F05-8773-5DDED81ED319}.Debug|Any CPU.ActiveCfg = Debug|Any CPU
		{B0180E08-D627-4F05-8773-5DDED81ED319}.Debug|Any CPU.Build.0 = Debug|Any CPU
		{B0180E08-D627-4F05-8773-5DDED81ED319}.Release|Any CPU.ActiveCfg = Release|Any CPU
		{B0180E08-D627-4F05-8773-5DDED81ED319}.Release|Any CPU.Build.0 = Release|Any CPU
		{C9E12496-9D2A-4445-97AD-AA1962D9CD88}.Debug|Any CPU.ActiveCfg = Debug|Any CPU
		{C9E12496-9D2A-4445-97AD-AA1962D9CD88}.Debug|Any CPU.Build.0 = Debug|Any CPU
		{C9E12496-9D2A-4445-97AD-AA1962D9CD88}.Release|Any CPU.ActiveCfg = Release|Any CPU
		{C9E12496-9D2A-4445-97AD-AA1962D9CD88}.Release|Any CPU.Build.0 = Release|Any CPU
		{9B31657D-5B91-45E0-A4ED-1D1FB28BEDBB}.Debug|Any CPU.ActiveCfg = Debug|Any CPU
		{9B31657D-5B91-45E0-A4ED-1D1FB28BEDBB}.Debug|Any CPU.Build.0 = Debug|Any CPU
		{9B31657D-5B91-45E0-A4ED-1D1FB28BEDBB}.Release|Any CPU.ActiveCfg = Release|Any CPU
		{9B31657D-5B91-45E0-A4ED-1D1FB28BEDBB}.Release|Any CPU.Build.0 = Release|Any CPU
		{C76EAAAE-BDDF-4FF1-B45A-6AEB2E36FA63}.Debug|Any CPU.ActiveCfg = Debug|Any CPU
		{C76EAAAE-BDDF-4FF1-B45A-6AEB2E36FA63}.Debug|Any CPU.Build.0 = Debug|Any CPU
		{C76EAAAE-BDDF-4FF1-B45A-6AEB2E36FA63}.Release|Any CPU.ActiveCfg = Release|Any CPU
		{C76EAAAE-BDDF-4FF1-B45A-6AEB2E36FA63}.Release|Any CPU.Build.0 = Release|Any CPU
		{0EC013DF-7090-4CDB-B452-BE0392DE9D77}.Debug|Any CPU.ActiveCfg = Debug|Any CPU
		{0EC013DF-7090-4CDB-B452-BE0392DE9D77}.Debug|Any CPU.Build.0 = Debug|Any CPU
		{0EC013DF-7090-4CDB-B452-BE0392DE9D77}.Release|Any CPU.ActiveCfg = Release|Any CPU
		{0EC013DF-7090-4CDB-B452-BE0392DE9D77}.Release|Any CPU.Build.0 = Release|Any CPU
		{99F134F3-EA7F-43B2-A2AC-8E42C0FC39C4}.Debug|Any CPU.ActiveCfg = Debug|Any CPU
		{99F134F3-EA7F-43B2-A2AC-8E42C0FC39C4}.Debug|Any CPU.Build.0 = Debug|Any CPU
		{99F134F3-EA7F-43B2-A2AC-8E42C0FC39C4}.Release|Any CPU.ActiveCfg = Release|Any CPU
		{99F134F3-EA7F-43B2-A2AC-8E42C0FC39C4}.Release|Any CPU.Build.0 = Release|Any CPU
		{8AE9B21A-DD77-45BB-BBC3-B6F607C3FB55}.Debug|Any CPU.ActiveCfg = Debug|Any CPU
		{8AE9B21A-DD77-45BB-BBC3-B6F607C3FB55}.Debug|Any CPU.Build.0 = Debug|Any CPU
		{5811015A-A1FB-4E60-9AE1-4C7F152663A3}.Debug|Any CPU.ActiveCfg = Debug|Any CPU
		{5811015A-A1FB-4E60-9AE1-4C7F152663A3}.Debug|Any CPU.Build.0 = Debug|Any CPU
		{5811015A-A1FB-4E60-9AE1-4C7F152663A3}.Release|Any CPU.ActiveCfg = Release|Any CPU
		{5811015A-A1FB-4E60-9AE1-4C7F152663A3}.Release|Any CPU.Build.0 = Release|Any CPU
	EndGlobalSection
	GlobalSection(NestedProjects) = preSolution
		{482F9332-8734-4952-8A5C-D8A841322F3D} = {D4BE0E64-1E26-4015-93B9-1E766A37202F}
		{15438F2E-1997-416A-9761-0A7CC612E0C0} = {D4BE0E64-1E26-4015-93B9-1E766A37202F}
		{20705B7D-15B7-49FD-9C09-B08761C5DFE8} = {D4BE0E64-1E26-4015-93B9-1E766A37202F}
		{1511A9F1-06C6-4D0D-826E-2D222A1994C7} = {D4BE0E64-1E26-4015-93B9-1E766A37202F}
		{C013B179-36BC-481B-8853-1E0F2C8E06BE} = {D4BE0E64-1E26-4015-93B9-1E766A37202F}
		{B0180E08-D627-4F05-8773-5DDED81ED319} = {C013B179-36BC-481B-8853-1E0F2C8E06BE}
		{C9E12496-9D2A-4445-97AD-AA1962D9CD88} = {C013B179-36BC-481B-8853-1E0F2C8E06BE}
		{9B31657D-5B91-45E0-A4ED-1D1FB28BEDBB} = {C013B179-36BC-481B-8853-1E0F2C8E06BE}
		{897F704A-0ADD-46D7-89A1-26945D2475F0} = {D4BE0E64-1E26-4015-93B9-1E766A37202F}
		{C76EAAAE-BDDF-4FF1-B45A-6AEB2E36FA63} = {897F704A-0ADD-46D7-89A1-26945D2475F0}
		{0EC013DF-7090-4CDB-B452-BE0392DE9D77} = {897F704A-0ADD-46D7-89A1-26945D2475F0}
		{99F134F3-EA7F-43B2-A2AC-8E42C0FC39C4} = {C013B179-36BC-481B-8853-1E0F2C8E06BE}
		{5811015A-A1FB-4E60-9AE1-4C7F152663A3} = {897F704A-0ADD-46D7-89A1-26945D2475F0}
	EndGlobalSection
EndGlobal
