
Microsoft Visual Studio Solution File, Format Version 12.00
Project("{FAE04EC0-301F-11D3-BF4B-00C04F79EFBC}") = "TablePlatform.Client.MacOS", "Games.TablePlatform\TablePlatform.Client.MacOS\TablePlatform.Client.MacOS.csproj", "{8AE9B21A-DD77-45BB-BBC3-B6F607C3FB55}"
EndProject
Project("{FAE04EC0-301F-11D3-BF4B-00C04F79EFBC}") = "TablePlatform.DesktopClient", "Games.TablePlatform\TablePlatform.DesktopClient\TablePlatform.DesktopClient.csproj", "{1C20F89E-43CF-4FB6-9043-4D978375FEBB}"
EndProject
Project("{2150E333-8FDC-42A3-9474-1A3956D46DE8}") = "SDK", "SDK", "{8A5DF9CB-5077-4574-8D79-5ECE10417B5C}"
EndProject
Project("{FAE04EC0-301F-11D3-BF4B-00C04F79EFBC}") = "NetExtensions", "SDK\NetExtensions\NetExtensions.csproj", "{850FA83C-7E64-4BF4-AA21-5864777183C5}"
EndProject
Project("{FAE04EC0-301F-11D3-BF4B-00C04F79EFBC}") = "FrameworkSDK", "SDK\FrameworkSDK\FrameworkSDK.csproj", "{F7336191-8B37-4413-AE0E-BFBC108523D2}"
EndProject
Project("{FAE04EC0-301F-11D3-BF4B-00C04F79EFBC}") = "MonoGameExtensions", "SDK\MonoGameExtensions\MonoGameExtensions.csproj", "{87A799E0-4BE1-4241-9D17-192F517BC734}"
EndProject
Project("{FAE04EC0-301F-11D3-BF4B-00C04F79EFBC}") = "FrameworkSDK.MonoGame", "SDK\FrameworkSDK.MonoGame\FrameworkSDK.MonoGame.csproj", "{1C9A9C3F-5163-4F5A-B1CB-C43876980910}"
EndProject
Project("{2150E333-8FDC-42A3-9474-1A3956D46DE8}") = "Utils", "Utils", "{C98D92CC-94D0-4120-A0FF-494165199EC7}"
EndProject
Project("{FAE04EC0-301F-11D3-BF4B-00C04F79EFBC}") = "Console.Core", "Utils\Console\Console.Core\Console.Core.csproj", "{72871131-B0FA-4970-9CC3-2B46F40D61B1}"
EndProject
Project("{FAE04EC0-301F-11D3-BF4B-00C04F79EFBC}") = "Console.InGame", "Utils\Console\Console.InGame\Console.InGame.csproj", "{F39DBBB9-159E-4697-8158-9679DACEC2F3}"
EndProject
Project("{FAE04EC0-301F-11D3-BF4B-00C04F79EFBC}") = "Logging", "Utils\Logging\Logging.csproj", "{CA88002C-6236-467E-ABE2-374F016DBD50}"
EndProject
Project("{2150E333-8FDC-42A3-9474-1A3956D46DE8}") = "Adapters", "Adapters", "{F771279D-B23A-40D6-9E54-FBA81BFB029F}"
EndProject
Project("{FAE04EC0-301F-11D3-BF4B-00C04F79EFBC}") = "Console.LoggingAdapter", "Utils\Adapters\Console.LoggingAdapter\Console.LoggingAdapter.csproj", "{7F1FB06E-5176-4FC9-9C67-0489442E74EF}"
EndProject
Project("{FAE04EC0-301F-11D3-BF4B-00C04F79EFBC}") = "Logging.FrameworkAdapter", "Utils\Adapters\Logging.FrameworkAdapter\Logging.FrameworkAdapter.csproj", "{D28DB4EA-AD4D-4B81-8131-D6809E6E3489}"
EndProject
Project("{FAE04EC0-301F-11D3-BF4B-00C04F79EFBC}") = "Console.GameFrameworkAdapter", "Utils\Adapters\Console.GameFrameworkAdapter\Console.GameFrameworkAdapter.csproj", "{261D6FC9-9BB8-46C4-86E4-627A51733D0C}"
EndProject
Project("{FAE04EC0-301F-11D3-BF4B-00C04F79EFBC}") = "Autofac.FrameworkAdapter", "Utils\Adapters\Autofac.FrameworkAdapter\Autofac.FrameworkAdapter.csproj", "{2D26E51C-6F6E-469D-8131-9C6B36121AF1}"
EndProject
Project("{FAE04EC0-301F-11D3-BF4B-00C04F79EFBC}") = "TablePlatform.Data", "Games.TablePlatform\TablePlatform.Data\TablePlatform.Data.csproj", "{2518E524-E90F-45EF-A138-F15CBAE9AB0A}"
EndProject
Project("{FAE04EC0-301F-11D3-BF4B-00C04F79EFBC}") = "BoardPlatform.WebClient", "Games.TablePlatform\BoardPlatform.WebClient\BoardPlatform.WebClient.csproj", "{2532A2E2-17D6-4DDB-A73A-551C6A4C0BD0}"
EndProject
Project("{FAE04EC0-301F-11D3-BF4B-00C04F79EFBC}") = "ConsoleApplication1", "ConsoleApplication1\ConsoleApplication1.csproj", "{96C7BB54-2D1C-42DB-B1D4-345125C60507}"
EndProject
Global
	GlobalSection(SolutionConfigurationPlatforms) = preSolution
		Debug|Any CPU = Debug|Any CPU
		Release|Any CPU = Release|Any CPU
	EndGlobalSection
	GlobalSection(ProjectConfigurationPlatforms) = postSolution
		{8AE9B21A-DD77-45BB-BBC3-B6F607C3FB55}.Debug|Any CPU.ActiveCfg = Debug|Any CPU
		{8AE9B21A-DD77-45BB-BBC3-B6F607C3FB55}.Debug|Any CPU.Build.0 = Debug|Any CPU
		{8AE9B21A-DD77-45BB-BBC3-B6F607C3FB55}.Release|Any CPU.ActiveCfg = Release|Any CPU
		{8AE9B21A-DD77-45BB-BBC3-B6F607C3FB55}.Release|Any CPU.Build.0 = Release|Any CPU
		{1C20F89E-43CF-4FB6-9043-4D978375FEBB}.Debug|Any CPU.ActiveCfg = Debug|Any CPU
		{1C20F89E-43CF-4FB6-9043-4D978375FEBB}.Debug|Any CPU.Build.0 = Debug|Any CPU
		{1C20F89E-43CF-4FB6-9043-4D978375FEBB}.Release|Any CPU.ActiveCfg = Release|Any CPU
		{1C20F89E-43CF-4FB6-9043-4D978375FEBB}.Release|Any CPU.Build.0 = Release|Any CPU
		{850FA83C-7E64-4BF4-AA21-5864777183C5}.Debug|Any CPU.ActiveCfg = Debug|Any CPU
		{850FA83C-7E64-4BF4-AA21-5864777183C5}.Debug|Any CPU.Build.0 = Debug|Any CPU
		{850FA83C-7E64-4BF4-AA21-5864777183C5}.Release|Any CPU.ActiveCfg = Release|Any CPU
		{850FA83C-7E64-4BF4-AA21-5864777183C5}.Release|Any CPU.Build.0 = Release|Any CPU
		{F7336191-8B37-4413-AE0E-BFBC108523D2}.Debug|Any CPU.ActiveCfg = Debug|Any CPU
		{F7336191-8B37-4413-AE0E-BFBC108523D2}.Debug|Any CPU.Build.0 = Debug|Any CPU
		{F7336191-8B37-4413-AE0E-BFBC108523D2}.Release|Any CPU.ActiveCfg = Release|Any CPU
		{F7336191-8B37-4413-AE0E-BFBC108523D2}.Release|Any CPU.Build.0 = Release|Any CPU
		{87A799E0-4BE1-4241-9D17-192F517BC734}.Debug|Any CPU.ActiveCfg = Debug|Any CPU
		{87A799E0-4BE1-4241-9D17-192F517BC734}.Debug|Any CPU.Build.0 = Debug|Any CPU
		{87A799E0-4BE1-4241-9D17-192F517BC734}.Release|Any CPU.ActiveCfg = Release|Any CPU
		{87A799E0-4BE1-4241-9D17-192F517BC734}.Release|Any CPU.Build.0 = Release|Any CPU
		{1C9A9C3F-5163-4F5A-B1CB-C43876980910}.Debug|Any CPU.ActiveCfg = Debug|Any CPU
		{1C9A9C3F-5163-4F5A-B1CB-C43876980910}.Debug|Any CPU.Build.0 = Debug|Any CPU
		{1C9A9C3F-5163-4F5A-B1CB-C43876980910}.Release|Any CPU.ActiveCfg = Release|Any CPU
		{1C9A9C3F-5163-4F5A-B1CB-C43876980910}.Release|Any CPU.Build.0 = Release|Any CPU
		{72871131-B0FA-4970-9CC3-2B46F40D61B1}.Debug|Any CPU.ActiveCfg = Debug|Any CPU
		{72871131-B0FA-4970-9CC3-2B46F40D61B1}.Debug|Any CPU.Build.0 = Debug|Any CPU
		{72871131-B0FA-4970-9CC3-2B46F40D61B1}.Release|Any CPU.ActiveCfg = Release|Any CPU
		{72871131-B0FA-4970-9CC3-2B46F40D61B1}.Release|Any CPU.Build.0 = Release|Any CPU
		{F39DBBB9-159E-4697-8158-9679DACEC2F3}.Debug|Any CPU.ActiveCfg = Debug|Any CPU
		{F39DBBB9-159E-4697-8158-9679DACEC2F3}.Debug|Any CPU.Build.0 = Debug|Any CPU
		{F39DBBB9-159E-4697-8158-9679DACEC2F3}.Release|Any CPU.ActiveCfg = Release|Any CPU
		{F39DBBB9-159E-4697-8158-9679DACEC2F3}.Release|Any CPU.Build.0 = Release|Any CPU
		{CA88002C-6236-467E-ABE2-374F016DBD50}.Debug|Any CPU.ActiveCfg = Debug|Any CPU
		{CA88002C-6236-467E-ABE2-374F016DBD50}.Debug|Any CPU.Build.0 = Debug|Any CPU
		{CA88002C-6236-467E-ABE2-374F016DBD50}.Release|Any CPU.ActiveCfg = Release|Any CPU
		{CA88002C-6236-467E-ABE2-374F016DBD50}.Release|Any CPU.Build.0 = Release|Any CPU
		{7F1FB06E-5176-4FC9-9C67-0489442E74EF}.Debug|Any CPU.ActiveCfg = Debug|Any CPU
		{7F1FB06E-5176-4FC9-9C67-0489442E74EF}.Debug|Any CPU.Build.0 = Debug|Any CPU
		{7F1FB06E-5176-4FC9-9C67-0489442E74EF}.Release|Any CPU.ActiveCfg = Release|Any CPU
		{7F1FB06E-5176-4FC9-9C67-0489442E74EF}.Release|Any CPU.Build.0 = Release|Any CPU
		{D28DB4EA-AD4D-4B81-8131-D6809E6E3489}.Debug|Any CPU.ActiveCfg = Debug|Any CPU
		{D28DB4EA-AD4D-4B81-8131-D6809E6E3489}.Debug|Any CPU.Build.0 = Debug|Any CPU
		{D28DB4EA-AD4D-4B81-8131-D6809E6E3489}.Release|Any CPU.ActiveCfg = Release|Any CPU
		{D28DB4EA-AD4D-4B81-8131-D6809E6E3489}.Release|Any CPU.Build.0 = Release|Any CPU
		{261D6FC9-9BB8-46C4-86E4-627A51733D0C}.Debug|Any CPU.ActiveCfg = Debug|Any CPU
		{261D6FC9-9BB8-46C4-86E4-627A51733D0C}.Debug|Any CPU.Build.0 = Debug|Any CPU
		{261D6FC9-9BB8-46C4-86E4-627A51733D0C}.Release|Any CPU.ActiveCfg = Release|Any CPU
		{261D6FC9-9BB8-46C4-86E4-627A51733D0C}.Release|Any CPU.Build.0 = Release|Any CPU
		{2D26E51C-6F6E-469D-8131-9C6B36121AF1}.Debug|Any CPU.ActiveCfg = Debug|Any CPU
		{2D26E51C-6F6E-469D-8131-9C6B36121AF1}.Debug|Any CPU.Build.0 = Debug|Any CPU
		{2D26E51C-6F6E-469D-8131-9C6B36121AF1}.Release|Any CPU.ActiveCfg = Release|Any CPU
		{2D26E51C-6F6E-469D-8131-9C6B36121AF1}.Release|Any CPU.Build.0 = Release|Any CPU
		{2518E524-E90F-45EF-A138-F15CBAE9AB0A}.Debug|Any CPU.ActiveCfg = Debug|Any CPU
		{2518E524-E90F-45EF-A138-F15CBAE9AB0A}.Debug|Any CPU.Build.0 = Debug|Any CPU
		{2518E524-E90F-45EF-A138-F15CBAE9AB0A}.Release|Any CPU.ActiveCfg = Release|Any CPU
		{2518E524-E90F-45EF-A138-F15CBAE9AB0A}.Release|Any CPU.Build.0 = Release|Any CPU
		{2532A2E2-17D6-4DDB-A73A-551C6A4C0BD0}.Debug|Any CPU.ActiveCfg = Debug|Any CPU
		{2532A2E2-17D6-4DDB-A73A-551C6A4C0BD0}.Debug|Any CPU.Build.0 = Debug|Any CPU
		{2532A2E2-17D6-4DDB-A73A-551C6A4C0BD0}.Release|Any CPU.ActiveCfg = Release|Any CPU
		{2532A2E2-17D6-4DDB-A73A-551C6A4C0BD0}.Release|Any CPU.Build.0 = Release|Any CPU
		{96C7BB54-2D1C-42DB-B1D4-345125C60507}.Debug|Any CPU.ActiveCfg = Debug|Any CPU
		{96C7BB54-2D1C-42DB-B1D4-345125C60507}.Debug|Any CPU.Build.0 = Debug|Any CPU
		{96C7BB54-2D1C-42DB-B1D4-345125C60507}.Release|Any CPU.ActiveCfg = Release|Any CPU
		{96C7BB54-2D1C-42DB-B1D4-345125C60507}.Release|Any CPU.Build.0 = Release|Any CPU
	EndGlobalSection
	GlobalSection(NestedProjects) = preSolution
		{850FA83C-7E64-4BF4-AA21-5864777183C5} = {8A5DF9CB-5077-4574-8D79-5ECE10417B5C}
		{F7336191-8B37-4413-AE0E-BFBC108523D2} = {8A5DF9CB-5077-4574-8D79-5ECE10417B5C}
		{87A799E0-4BE1-4241-9D17-192F517BC734} = {8A5DF9CB-5077-4574-8D79-5ECE10417B5C}
		{1C9A9C3F-5163-4F5A-B1CB-C43876980910} = {8A5DF9CB-5077-4574-8D79-5ECE10417B5C}
		{72871131-B0FA-4970-9CC3-2B46F40D61B1} = {C98D92CC-94D0-4120-A0FF-494165199EC7}
		{F39DBBB9-159E-4697-8158-9679DACEC2F3} = {C98D92CC-94D0-4120-A0FF-494165199EC7}
		{CA88002C-6236-467E-ABE2-374F016DBD50} = {C98D92CC-94D0-4120-A0FF-494165199EC7}
		{F771279D-B23A-40D6-9E54-FBA81BFB029F} = {C98D92CC-94D0-4120-A0FF-494165199EC7}
		{7F1FB06E-5176-4FC9-9C67-0489442E74EF} = {F771279D-B23A-40D6-9E54-FBA81BFB029F}
		{D28DB4EA-AD4D-4B81-8131-D6809E6E3489} = {F771279D-B23A-40D6-9E54-FBA81BFB029F}
		{261D6FC9-9BB8-46C4-86E4-627A51733D0C} = {F771279D-B23A-40D6-9E54-FBA81BFB029F}
		{2D26E51C-6F6E-469D-8131-9C6B36121AF1} = {F771279D-B23A-40D6-9E54-FBA81BFB029F}
	EndGlobalSection
EndGlobal
