
Microsoft Visual Studio Solution File, Format Version 12.00
# Visual Studio Version 17
VisualStudioVersion = 17.2.32526.322
MinimumVisualStudioVersion = 10.0.40219.1
Project("{2150E333-8FDC-42A3-9474-1A3956D46DE8}") = "SDK", "SDK", "{D4F01C82-95F7-4470-BD4B-096E44292BA2}"
EndProject
Project("{2150E333-8FDC-42A3-9474-1A3956D46DE8}") = "Utils", "Utils", "{DF2A148B-6B29-4CC7-924E-02EB55F44171}"
EndProject
Project("{9A19103F-16F7-4668-BE54-9A1E7A4F7556}") = "NetExtensions", "SDK\NetExtensions\NetExtensions.csproj", "{1EA55048-EB92-48F6-BB59-DAED377214FF}"
EndProject
Project("{9A19103F-16F7-4668-BE54-9A1E7A4F7556}") = "MonoGameExtensions", "SDK\MonoGameExtensions\MonoGameExtensions.csproj", "{87A799E0-4BE1-4241-9D17-192F517BC734}"
EndProject
Project("{9A19103F-16F7-4668-BE54-9A1E7A4F7556}") = "FrameworkSDK.MonoGame", "SDK\FrameworkSDK.MonoGame\FrameworkSDK.MonoGame.csproj", "{1C9A9C3F-5163-4F5A-B1CB-C43876980910}"
EndProject
Project("{9A19103F-16F7-4668-BE54-9A1E7A4F7556}") = "Logging", "Utils\Logging\Logging.csproj", "{3FA53468-2750-459F-82F7-A607298376DC}"
EndProject
Project("{2150E333-8FDC-42A3-9474-1A3956D46DE8}") = "Console", "Console", "{301BC03D-EB28-40FD-81BF-DD1C8974F47C}"
EndProject
Project("{9A19103F-16F7-4668-BE54-9A1E7A4F7556}") = "Console.Core", "Utils\Console\Console.Core\Console.Core.csproj", "{80C13F18-19C0-4506-927F-E7EC8F3C3B06}"
EndProject
Project("{FAE04EC0-301F-11D3-BF4B-00C04F79EFBC}") = "ConsoleWindow", "Utils\Console\ConsoleWindow\ConsoleWindow.csproj", "{6433E232-4A48-420D-A2C1-0BEFDA8A5AD2}"
EndProject
Project("{9A19103F-16F7-4668-BE54-9A1E7A4F7556}") = "Console.InGame", "Utils\Console\Console.InGame\Console.InGame.csproj", "{256F7F37-1D38-4B06-8D58-B67F1E6E47D3}"
EndProject
Project("{FAE04EC0-301F-11D3-BF4B-00C04F79EFBC}") = "Atom.Client.MacOS", "Games.X4\Atom.Client.MacOS\Atom.Client.MacOS.csproj", "{8AE9B21A-DD77-45BB-BBC3-B6F607C3FB55}"
EndProject
Project("{9A19103F-16F7-4668-BE54-9A1E7A4F7556}") = "FrameworkSDK", "SDK\FrameworkSDK\FrameworkSDK.csproj", "{061F0FF8-4ADF-401B-8703-4851FB6BAD34}"
EndProject
Project("{9A19103F-16F7-4668-BE54-9A1E7A4F7556}") = "Console.GameFrameworkAdapter", "Utils\Adapters\Console.GameFrameworkAdapter\Console.GameFrameworkAdapter.csproj", "{464C46B1-F4D5-4D1A-8B55-8C7C880C8704}"
EndProject
Project("{9A19103F-16F7-4668-BE54-9A1E7A4F7556}") = "Console.LoggingAdapter", "Utils\Adapters\Console.LoggingAdapter\Console.LoggingAdapter.csproj", "{638AFC89-C86D-4B62-8ADC-8D8CDA824D2F}"
EndProject
Project("{2150E333-8FDC-42A3-9474-1A3956D46DE8}") = "Logging", "Logging", "{A88925E8-AB17-4EDB-A887-642AED93C04D}"
EndProject
Project("{9A19103F-16F7-4668-BE54-9A1E7A4F7556}") = "Logging.FrameworkAdapter", "Utils\Adapters\Logging.FrameworkAdapter\Logging.FrameworkAdapter.csproj", "{9DB5439E-E098-4627-9231-6B148B8751FF}"
EndProject
Project("{9A19103F-16F7-4668-BE54-9A1E7A4F7556}") = "X4World", "Games.X4\X4World\X4World.csproj", "{4B477CB0-CC48-4DE2-91C0-8789555E2D58}"
EndProject
Project("{FAE04EC0-301F-11D3-BF4B-00C04F79EFBC}") = "Atom.Client.Windows", "Games.X4\Atom.Client.Windows\Atom.Client.Windows.csproj", "{AEC9F859-FF07-452D-9FF5-7444821D9D14}"
EndProject
Project("{9A19103F-16F7-4668-BE54-9A1E7A4F7556}") = "Atom.Client", "Games.X4\Atom.Client\Atom.Client.csproj", "{EDC8126C-1891-4AE9-B813-2E082C4569CA}"
EndProject
Project("{FAE04EC0-301F-11D3-BF4B-00C04F79EFBC}") = "Console.FrameworkAdapter", "Utils\Adapters\Console.FrameworkAdapter\Console.FrameworkAdapter.csproj", "{20C99BBC-E6EF-4C46-AAC7-1D8902A930D3}"
EndProject
Global
	GlobalSection(SolutionConfigurationPlatforms) = preSolution
		Debug|Any CPU = Debug|Any CPU
		Debug|x64 = Debug|x64
		Debug|x86 = Debug|x86
		Release|Any CPU = Release|Any CPU
		Release|x64 = Release|x64
		Release|x86 = Release|x86
	EndGlobalSection
	GlobalSection(ProjectConfigurationPlatforms) = postSolution
		{1EA55048-EB92-48F6-BB59-DAED377214FF}.Debug|Any CPU.ActiveCfg = Debug|Any CPU
		{1EA55048-EB92-48F6-BB59-DAED377214FF}.Debug|Any CPU.Build.0 = Debug|Any CPU
		{1EA55048-EB92-48F6-BB59-DAED377214FF}.Debug|x64.ActiveCfg = Debug|Any CPU
		{1EA55048-EB92-48F6-BB59-DAED377214FF}.Debug|x64.Build.0 = Debug|Any CPU
		{1EA55048-EB92-48F6-BB59-DAED377214FF}.Debug|x86.ActiveCfg = Debug|Any CPU
		{1EA55048-EB92-48F6-BB59-DAED377214FF}.Debug|x86.Build.0 = Debug|Any CPU
		{1EA55048-EB92-48F6-BB59-DAED377214FF}.Release|Any CPU.ActiveCfg = Release|Any CPU
		{1EA55048-EB92-48F6-BB59-DAED377214FF}.Release|Any CPU.Build.0 = Release|Any CPU
		{1EA55048-EB92-48F6-BB59-DAED377214FF}.Release|x64.ActiveCfg = Release|Any CPU
		{1EA55048-EB92-48F6-BB59-DAED377214FF}.Release|x64.Build.0 = Release|Any CPU
		{1EA55048-EB92-48F6-BB59-DAED377214FF}.Release|x86.ActiveCfg = Release|Any CPU
		{1EA55048-EB92-48F6-BB59-DAED377214FF}.Release|x86.Build.0 = Release|Any CPU
		{87A799E0-4BE1-4241-9D17-192F517BC734}.Debug|Any CPU.ActiveCfg = Debug|Any CPU
		{87A799E0-4BE1-4241-9D17-192F517BC734}.Debug|Any CPU.Build.0 = Debug|Any CPU
		{87A799E0-4BE1-4241-9D17-192F517BC734}.Debug|x64.ActiveCfg = Debug|Any CPU
		{87A799E0-4BE1-4241-9D17-192F517BC734}.Debug|x64.Build.0 = Debug|Any CPU
		{87A799E0-4BE1-4241-9D17-192F517BC734}.Debug|x86.ActiveCfg = Debug|Any CPU
		{87A799E0-4BE1-4241-9D17-192F517BC734}.Debug|x86.Build.0 = Debug|Any CPU
		{87A799E0-4BE1-4241-9D17-192F517BC734}.Release|Any CPU.ActiveCfg = Release|Any CPU
		{87A799E0-4BE1-4241-9D17-192F517BC734}.Release|Any CPU.Build.0 = Release|Any CPU
		{87A799E0-4BE1-4241-9D17-192F517BC734}.Release|x64.ActiveCfg = Release|Any CPU
		{87A799E0-4BE1-4241-9D17-192F517BC734}.Release|x64.Build.0 = Release|Any CPU
		{87A799E0-4BE1-4241-9D17-192F517BC734}.Release|x86.ActiveCfg = Release|Any CPU
		{87A799E0-4BE1-4241-9D17-192F517BC734}.Release|x86.Build.0 = Release|Any CPU
		{1C9A9C3F-5163-4F5A-B1CB-C43876980910}.Debug|Any CPU.ActiveCfg = Debug|Any CPU
		{1C9A9C3F-5163-4F5A-B1CB-C43876980910}.Debug|Any CPU.Build.0 = Debug|Any CPU
		{1C9A9C3F-5163-4F5A-B1CB-C43876980910}.Debug|x64.ActiveCfg = Debug|Any CPU
		{1C9A9C3F-5163-4F5A-B1CB-C43876980910}.Debug|x64.Build.0 = Debug|Any CPU
		{1C9A9C3F-5163-4F5A-B1CB-C43876980910}.Debug|x86.ActiveCfg = Debug|Any CPU
		{1C9A9C3F-5163-4F5A-B1CB-C43876980910}.Debug|x86.Build.0 = Debug|Any CPU
		{1C9A9C3F-5163-4F5A-B1CB-C43876980910}.Release|Any CPU.ActiveCfg = Release|Any CPU
		{1C9A9C3F-5163-4F5A-B1CB-C43876980910}.Release|Any CPU.Build.0 = Release|Any CPU
		{1C9A9C3F-5163-4F5A-B1CB-C43876980910}.Release|x64.ActiveCfg = Release|Any CPU
		{1C9A9C3F-5163-4F5A-B1CB-C43876980910}.Release|x64.Build.0 = Release|Any CPU
		{1C9A9C3F-5163-4F5A-B1CB-C43876980910}.Release|x86.ActiveCfg = Release|Any CPU
		{1C9A9C3F-5163-4F5A-B1CB-C43876980910}.Release|x86.Build.0 = Release|Any CPU
		{3FA53468-2750-459F-82F7-A607298376DC}.Debug|Any CPU.ActiveCfg = Debug|Any CPU
		{3FA53468-2750-459F-82F7-A607298376DC}.Debug|Any CPU.Build.0 = Debug|Any CPU
		{3FA53468-2750-459F-82F7-A607298376DC}.Debug|x64.ActiveCfg = Debug|Any CPU
		{3FA53468-2750-459F-82F7-A607298376DC}.Debug|x64.Build.0 = Debug|Any CPU
		{3FA53468-2750-459F-82F7-A607298376DC}.Debug|x86.ActiveCfg = Debug|Any CPU
		{3FA53468-2750-459F-82F7-A607298376DC}.Debug|x86.Build.0 = Debug|Any CPU
		{3FA53468-2750-459F-82F7-A607298376DC}.Release|Any CPU.ActiveCfg = Release|Any CPU
		{3FA53468-2750-459F-82F7-A607298376DC}.Release|Any CPU.Build.0 = Release|Any CPU
		{3FA53468-2750-459F-82F7-A607298376DC}.Release|x64.ActiveCfg = Release|Any CPU
		{3FA53468-2750-459F-82F7-A607298376DC}.Release|x64.Build.0 = Release|Any CPU
		{3FA53468-2750-459F-82F7-A607298376DC}.Release|x86.ActiveCfg = Release|Any CPU
		{3FA53468-2750-459F-82F7-A607298376DC}.Release|x86.Build.0 = Release|Any CPU
		{80C13F18-19C0-4506-927F-E7EC8F3C3B06}.Debug|Any CPU.ActiveCfg = Debug|Any CPU
		{80C13F18-19C0-4506-927F-E7EC8F3C3B06}.Debug|Any CPU.Build.0 = Debug|Any CPU
		{80C13F18-19C0-4506-927F-E7EC8F3C3B06}.Debug|x64.ActiveCfg = Debug|Any CPU
		{80C13F18-19C0-4506-927F-E7EC8F3C3B06}.Debug|x64.Build.0 = Debug|Any CPU
		{80C13F18-19C0-4506-927F-E7EC8F3C3B06}.Debug|x86.ActiveCfg = Debug|Any CPU
		{80C13F18-19C0-4506-927F-E7EC8F3C3B06}.Debug|x86.Build.0 = Debug|Any CPU
		{80C13F18-19C0-4506-927F-E7EC8F3C3B06}.Release|Any CPU.ActiveCfg = Release|Any CPU
		{80C13F18-19C0-4506-927F-E7EC8F3C3B06}.Release|Any CPU.Build.0 = Release|Any CPU
		{80C13F18-19C0-4506-927F-E7EC8F3C3B06}.Release|x64.ActiveCfg = Release|Any CPU
		{80C13F18-19C0-4506-927F-E7EC8F3C3B06}.Release|x64.Build.0 = Release|Any CPU
		{80C13F18-19C0-4506-927F-E7EC8F3C3B06}.Release|x86.ActiveCfg = Release|Any CPU
		{80C13F18-19C0-4506-927F-E7EC8F3C3B06}.Release|x86.Build.0 = Release|Any CPU
		{6433E232-4A48-420D-A2C1-0BEFDA8A5AD2}.Debug|Any CPU.ActiveCfg = Debug|Any CPU
		{6433E232-4A48-420D-A2C1-0BEFDA8A5AD2}.Debug|Any CPU.Build.0 = Debug|Any CPU
		{6433E232-4A48-420D-A2C1-0BEFDA8A5AD2}.Debug|x64.ActiveCfg = Debug|Any CPU
		{6433E232-4A48-420D-A2C1-0BEFDA8A5AD2}.Debug|x64.Build.0 = Debug|Any CPU
		{6433E232-4A48-420D-A2C1-0BEFDA8A5AD2}.Debug|x86.ActiveCfg = Debug|Any CPU
		{6433E232-4A48-420D-A2C1-0BEFDA8A5AD2}.Debug|x86.Build.0 = Debug|Any CPU
		{6433E232-4A48-420D-A2C1-0BEFDA8A5AD2}.Release|Any CPU.ActiveCfg = Release|Any CPU
		{6433E232-4A48-420D-A2C1-0BEFDA8A5AD2}.Release|Any CPU.Build.0 = Release|Any CPU
		{6433E232-4A48-420D-A2C1-0BEFDA8A5AD2}.Release|x64.ActiveCfg = Release|Any CPU
		{6433E232-4A48-420D-A2C1-0BEFDA8A5AD2}.Release|x64.Build.0 = Release|Any CPU
		{6433E232-4A48-420D-A2C1-0BEFDA8A5AD2}.Release|x86.ActiveCfg = Release|Any CPU
		{6433E232-4A48-420D-A2C1-0BEFDA8A5AD2}.Release|x86.Build.0 = Release|Any CPU
		{256F7F37-1D38-4B06-8D58-B67F1E6E47D3}.Debug|Any CPU.ActiveCfg = Debug|Any CPU
		{256F7F37-1D38-4B06-8D58-B67F1E6E47D3}.Debug|Any CPU.Build.0 = Debug|Any CPU
		{256F7F37-1D38-4B06-8D58-B67F1E6E47D3}.Debug|x64.ActiveCfg = Debug|Any CPU
		{256F7F37-1D38-4B06-8D58-B67F1E6E47D3}.Debug|x64.Build.0 = Debug|Any CPU
		{256F7F37-1D38-4B06-8D58-B67F1E6E47D3}.Debug|x86.ActiveCfg = Debug|Any CPU
		{256F7F37-1D38-4B06-8D58-B67F1E6E47D3}.Debug|x86.Build.0 = Debug|Any CPU
		{256F7F37-1D38-4B06-8D58-B67F1E6E47D3}.Release|Any CPU.ActiveCfg = Release|Any CPU
		{256F7F37-1D38-4B06-8D58-B67F1E6E47D3}.Release|Any CPU.Build.0 = Release|Any CPU
		{256F7F37-1D38-4B06-8D58-B67F1E6E47D3}.Release|x64.ActiveCfg = Release|Any CPU
		{256F7F37-1D38-4B06-8D58-B67F1E6E47D3}.Release|x64.Build.0 = Release|Any CPU
		{256F7F37-1D38-4B06-8D58-B67F1E6E47D3}.Release|x86.ActiveCfg = Release|Any CPU
		{256F7F37-1D38-4B06-8D58-B67F1E6E47D3}.Release|x86.Build.0 = Release|Any CPU
		{8AE9B21A-DD77-45BB-BBC3-B6F607C3FB55}.Debug|Any CPU.ActiveCfg = Debug|Any CPU
		{8AE9B21A-DD77-45BB-BBC3-B6F607C3FB55}.Debug|Any CPU.Build.0 = Debug|Any CPU
		{8AE9B21A-DD77-45BB-BBC3-B6F607C3FB55}.Debug|x64.ActiveCfg = Debug|Any CPU
		{8AE9B21A-DD77-45BB-BBC3-B6F607C3FB55}.Debug|x64.Build.0 = Debug|Any CPU
		{8AE9B21A-DD77-45BB-BBC3-B6F607C3FB55}.Debug|x86.ActiveCfg = Debug|Any CPU
		{8AE9B21A-DD77-45BB-BBC3-B6F607C3FB55}.Debug|x86.Build.0 = Debug|Any CPU
		{8AE9B21A-DD77-45BB-BBC3-B6F607C3FB55}.Release|Any CPU.ActiveCfg = Release|Any CPU
		{8AE9B21A-DD77-45BB-BBC3-B6F607C3FB55}.Release|Any CPU.Build.0 = Release|Any CPU
		{8AE9B21A-DD77-45BB-BBC3-B6F607C3FB55}.Release|x64.ActiveCfg = Release|Any CPU
		{8AE9B21A-DD77-45BB-BBC3-B6F607C3FB55}.Release|x64.Build.0 = Release|Any CPU
		{8AE9B21A-DD77-45BB-BBC3-B6F607C3FB55}.Release|x86.ActiveCfg = Release|Any CPU
		{8AE9B21A-DD77-45BB-BBC3-B6F607C3FB55}.Release|x86.Build.0 = Release|Any CPU
		{061F0FF8-4ADF-401B-8703-4851FB6BAD34}.Debug|Any CPU.ActiveCfg = Debug|Any CPU
		{061F0FF8-4ADF-401B-8703-4851FB6BAD34}.Debug|Any CPU.Build.0 = Debug|Any CPU
		{061F0FF8-4ADF-401B-8703-4851FB6BAD34}.Debug|x64.ActiveCfg = Debug|Any CPU
		{061F0FF8-4ADF-401B-8703-4851FB6BAD34}.Debug|x64.Build.0 = Debug|Any CPU
		{061F0FF8-4ADF-401B-8703-4851FB6BAD34}.Debug|x86.ActiveCfg = Debug|Any CPU
		{061F0FF8-4ADF-401B-8703-4851FB6BAD34}.Debug|x86.Build.0 = Debug|Any CPU
		{061F0FF8-4ADF-401B-8703-4851FB6BAD34}.Release|Any CPU.ActiveCfg = Release|Any CPU
		{061F0FF8-4ADF-401B-8703-4851FB6BAD34}.Release|Any CPU.Build.0 = Release|Any CPU
		{061F0FF8-4ADF-401B-8703-4851FB6BAD34}.Release|x64.ActiveCfg = Release|Any CPU
		{061F0FF8-4ADF-401B-8703-4851FB6BAD34}.Release|x64.Build.0 = Release|Any CPU
		{061F0FF8-4ADF-401B-8703-4851FB6BAD34}.Release|x86.ActiveCfg = Release|Any CPU
		{061F0FF8-4ADF-401B-8703-4851FB6BAD34}.Release|x86.Build.0 = Release|Any CPU
		{464C46B1-F4D5-4D1A-8B55-8C7C880C8704}.Debug|Any CPU.ActiveCfg = Debug|Any CPU
		{464C46B1-F4D5-4D1A-8B55-8C7C880C8704}.Debug|Any CPU.Build.0 = Debug|Any CPU
		{464C46B1-F4D5-4D1A-8B55-8C7C880C8704}.Debug|x64.ActiveCfg = Debug|Any CPU
		{464C46B1-F4D5-4D1A-8B55-8C7C880C8704}.Debug|x64.Build.0 = Debug|Any CPU
		{464C46B1-F4D5-4D1A-8B55-8C7C880C8704}.Debug|x86.ActiveCfg = Debug|Any CPU
		{464C46B1-F4D5-4D1A-8B55-8C7C880C8704}.Debug|x86.Build.0 = Debug|Any CPU
		{464C46B1-F4D5-4D1A-8B55-8C7C880C8704}.Release|Any CPU.ActiveCfg = Release|Any CPU
		{464C46B1-F4D5-4D1A-8B55-8C7C880C8704}.Release|Any CPU.Build.0 = Release|Any CPU
		{464C46B1-F4D5-4D1A-8B55-8C7C880C8704}.Release|x64.ActiveCfg = Release|Any CPU
		{464C46B1-F4D5-4D1A-8B55-8C7C880C8704}.Release|x64.Build.0 = Release|Any CPU
		{464C46B1-F4D5-4D1A-8B55-8C7C880C8704}.Release|x86.ActiveCfg = Release|Any CPU
		{464C46B1-F4D5-4D1A-8B55-8C7C880C8704}.Release|x86.Build.0 = Release|Any CPU
		{638AFC89-C86D-4B62-8ADC-8D8CDA824D2F}.Debug|Any CPU.ActiveCfg = Debug|Any CPU
		{638AFC89-C86D-4B62-8ADC-8D8CDA824D2F}.Debug|Any CPU.Build.0 = Debug|Any CPU
		{638AFC89-C86D-4B62-8ADC-8D8CDA824D2F}.Debug|x64.ActiveCfg = Debug|Any CPU
		{638AFC89-C86D-4B62-8ADC-8D8CDA824D2F}.Debug|x64.Build.0 = Debug|Any CPU
		{638AFC89-C86D-4B62-8ADC-8D8CDA824D2F}.Debug|x86.ActiveCfg = Debug|Any CPU
		{638AFC89-C86D-4B62-8ADC-8D8CDA824D2F}.Debug|x86.Build.0 = Debug|Any CPU
		{638AFC89-C86D-4B62-8ADC-8D8CDA824D2F}.Release|Any CPU.ActiveCfg = Release|Any CPU
		{638AFC89-C86D-4B62-8ADC-8D8CDA824D2F}.Release|Any CPU.Build.0 = Release|Any CPU
		{638AFC89-C86D-4B62-8ADC-8D8CDA824D2F}.Release|x64.ActiveCfg = Release|Any CPU
		{638AFC89-C86D-4B62-8ADC-8D8CDA824D2F}.Release|x64.Build.0 = Release|Any CPU
		{638AFC89-C86D-4B62-8ADC-8D8CDA824D2F}.Release|x86.ActiveCfg = Release|Any CPU
		{638AFC89-C86D-4B62-8ADC-8D8CDA824D2F}.Release|x86.Build.0 = Release|Any CPU
		{9DB5439E-E098-4627-9231-6B148B8751FF}.Debug|Any CPU.ActiveCfg = Debug|Any CPU
		{9DB5439E-E098-4627-9231-6B148B8751FF}.Debug|Any CPU.Build.0 = Debug|Any CPU
		{9DB5439E-E098-4627-9231-6B148B8751FF}.Debug|x64.ActiveCfg = Debug|Any CPU
		{9DB5439E-E098-4627-9231-6B148B8751FF}.Debug|x64.Build.0 = Debug|Any CPU
		{9DB5439E-E098-4627-9231-6B148B8751FF}.Debug|x86.ActiveCfg = Debug|Any CPU
		{9DB5439E-E098-4627-9231-6B148B8751FF}.Debug|x86.Build.0 = Debug|Any CPU
		{9DB5439E-E098-4627-9231-6B148B8751FF}.Release|Any CPU.ActiveCfg = Release|Any CPU
		{9DB5439E-E098-4627-9231-6B148B8751FF}.Release|Any CPU.Build.0 = Release|Any CPU
		{9DB5439E-E098-4627-9231-6B148B8751FF}.Release|x64.ActiveCfg = Release|Any CPU
		{9DB5439E-E098-4627-9231-6B148B8751FF}.Release|x64.Build.0 = Release|Any CPU
		{9DB5439E-E098-4627-9231-6B148B8751FF}.Release|x86.ActiveCfg = Release|Any CPU
		{9DB5439E-E098-4627-9231-6B148B8751FF}.Release|x86.Build.0 = Release|Any CPU
		{4B477CB0-CC48-4DE2-91C0-8789555E2D58}.Debug|Any CPU.ActiveCfg = Debug|Any CPU
		{4B477CB0-CC48-4DE2-91C0-8789555E2D58}.Debug|Any CPU.Build.0 = Debug|Any CPU
		{4B477CB0-CC48-4DE2-91C0-8789555E2D58}.Debug|x64.ActiveCfg = Debug|Any CPU
		{4B477CB0-CC48-4DE2-91C0-8789555E2D58}.Debug|x64.Build.0 = Debug|Any CPU
		{4B477CB0-CC48-4DE2-91C0-8789555E2D58}.Debug|x86.ActiveCfg = Debug|Any CPU
		{4B477CB0-CC48-4DE2-91C0-8789555E2D58}.Debug|x86.Build.0 = Debug|Any CPU
		{4B477CB0-CC48-4DE2-91C0-8789555E2D58}.Release|Any CPU.ActiveCfg = Release|Any CPU
		{4B477CB0-CC48-4DE2-91C0-8789555E2D58}.Release|Any CPU.Build.0 = Release|Any CPU
		{4B477CB0-CC48-4DE2-91C0-8789555E2D58}.Release|x64.ActiveCfg = Release|Any CPU
		{4B477CB0-CC48-4DE2-91C0-8789555E2D58}.Release|x64.Build.0 = Release|Any CPU
		{4B477CB0-CC48-4DE2-91C0-8789555E2D58}.Release|x86.ActiveCfg = Release|Any CPU
		{4B477CB0-CC48-4DE2-91C0-8789555E2D58}.Release|x86.Build.0 = Release|Any CPU
		{AEC9F859-FF07-452D-9FF5-7444821D9D14}.Debug|Any CPU.ActiveCfg = Debug|x64
		{AEC9F859-FF07-452D-9FF5-7444821D9D14}.Debug|Any CPU.Build.0 = Debug|x64
		{AEC9F859-FF07-452D-9FF5-7444821D9D14}.Debug|x64.ActiveCfg = Debug|x64
		{AEC9F859-FF07-452D-9FF5-7444821D9D14}.Debug|x64.Build.0 = Debug|x64
		{AEC9F859-FF07-452D-9FF5-7444821D9D14}.Debug|x86.ActiveCfg = Debug|x86
		{AEC9F859-FF07-452D-9FF5-7444821D9D14}.Debug|x86.Build.0 = Debug|x86
		{AEC9F859-FF07-452D-9FF5-7444821D9D14}.Release|Any CPU.ActiveCfg = Release|x86
		{AEC9F859-FF07-452D-9FF5-7444821D9D14}.Release|Any CPU.Build.0 = Release|x86
		{AEC9F859-FF07-452D-9FF5-7444821D9D14}.Release|x64.ActiveCfg = Release|x86
		{AEC9F859-FF07-452D-9FF5-7444821D9D14}.Release|x64.Build.0 = Release|x86
		{AEC9F859-FF07-452D-9FF5-7444821D9D14}.Release|x86.ActiveCfg = Release|x86
		{AEC9F859-FF07-452D-9FF5-7444821D9D14}.Release|x86.Build.0 = Release|x86
		{EDC8126C-1891-4AE9-B813-2E082C4569CA}.Debug|Any CPU.ActiveCfg = Debug|Any CPU
		{EDC8126C-1891-4AE9-B813-2E082C4569CA}.Debug|Any CPU.Build.0 = Debug|Any CPU
		{EDC8126C-1891-4AE9-B813-2E082C4569CA}.Debug|x64.ActiveCfg = Debug|Any CPU
		{EDC8126C-1891-4AE9-B813-2E082C4569CA}.Debug|x64.Build.0 = Debug|Any CPU
		{EDC8126C-1891-4AE9-B813-2E082C4569CA}.Debug|x86.ActiveCfg = Debug|Any CPU
		{EDC8126C-1891-4AE9-B813-2E082C4569CA}.Debug|x86.Build.0 = Debug|Any CPU
		{EDC8126C-1891-4AE9-B813-2E082C4569CA}.Release|Any CPU.ActiveCfg = Release|Any CPU
		{EDC8126C-1891-4AE9-B813-2E082C4569CA}.Release|Any CPU.Build.0 = Release|Any CPU
		{EDC8126C-1891-4AE9-B813-2E082C4569CA}.Release|x64.ActiveCfg = Release|Any CPU
		{EDC8126C-1891-4AE9-B813-2E082C4569CA}.Release|x64.Build.0 = Release|Any CPU
		{EDC8126C-1891-4AE9-B813-2E082C4569CA}.Release|x86.ActiveCfg = Release|Any CPU
		{EDC8126C-1891-4AE9-B813-2E082C4569CA}.Release|x86.Build.0 = Release|Any CPU
		{20C99BBC-E6EF-4C46-AAC7-1D8902A930D3}.Debug|Any CPU.ActiveCfg = Debug|Any CPU
		{20C99BBC-E6EF-4C46-AAC7-1D8902A930D3}.Debug|Any CPU.Build.0 = Debug|Any CPU
		{20C99BBC-E6EF-4C46-AAC7-1D8902A930D3}.Debug|x64.ActiveCfg = Debug|Any CPU
		{20C99BBC-E6EF-4C46-AAC7-1D8902A930D3}.Debug|x64.Build.0 = Debug|Any CPU
		{20C99BBC-E6EF-4C46-AAC7-1D8902A930D3}.Debug|x86.ActiveCfg = Debug|Any CPU
		{20C99BBC-E6EF-4C46-AAC7-1D8902A930D3}.Debug|x86.Build.0 = Debug|Any CPU
		{20C99BBC-E6EF-4C46-AAC7-1D8902A930D3}.Release|Any CPU.ActiveCfg = Release|Any CPU
		{20C99BBC-E6EF-4C46-AAC7-1D8902A930D3}.Release|Any CPU.Build.0 = Release|Any CPU
		{20C99BBC-E6EF-4C46-AAC7-1D8902A930D3}.Release|x64.ActiveCfg = Release|Any CPU
		{20C99BBC-E6EF-4C46-AAC7-1D8902A930D3}.Release|x64.Build.0 = Release|Any CPU
		{20C99BBC-E6EF-4C46-AAC7-1D8902A930D3}.Release|x86.ActiveCfg = Release|Any CPU
		{20C99BBC-E6EF-4C46-AAC7-1D8902A930D3}.Release|x86.Build.0 = Release|Any CPU
	EndGlobalSection
	GlobalSection(SolutionProperties) = preSolution
		HideSolutionNode = FALSE
	EndGlobalSection
	GlobalSection(NestedProjects) = preSolution
		{1EA55048-EB92-48F6-BB59-DAED377214FF} = {D4F01C82-95F7-4470-BD4B-096E44292BA2}
		{87A799E0-4BE1-4241-9D17-192F517BC734} = {D4F01C82-95F7-4470-BD4B-096E44292BA2}
		{1C9A9C3F-5163-4F5A-B1CB-C43876980910} = {D4F01C82-95F7-4470-BD4B-096E44292BA2}
		{3FA53468-2750-459F-82F7-A607298376DC} = {A88925E8-AB17-4EDB-A887-642AED93C04D}
		{301BC03D-EB28-40FD-81BF-DD1C8974F47C} = {DF2A148B-6B29-4CC7-924E-02EB55F44171}
		{80C13F18-19C0-4506-927F-E7EC8F3C3B06} = {301BC03D-EB28-40FD-81BF-DD1C8974F47C}
		{6433E232-4A48-420D-A2C1-0BEFDA8A5AD2} = {301BC03D-EB28-40FD-81BF-DD1C8974F47C}
		{256F7F37-1D38-4B06-8D58-B67F1E6E47D3} = {301BC03D-EB28-40FD-81BF-DD1C8974F47C}
		{061F0FF8-4ADF-401B-8703-4851FB6BAD34} = {D4F01C82-95F7-4470-BD4B-096E44292BA2}
		{464C46B1-F4D5-4D1A-8B55-8C7C880C8704} = {301BC03D-EB28-40FD-81BF-DD1C8974F47C}
		{638AFC89-C86D-4B62-8ADC-8D8CDA824D2F} = {301BC03D-EB28-40FD-81BF-DD1C8974F47C}
		{A88925E8-AB17-4EDB-A887-642AED93C04D} = {DF2A148B-6B29-4CC7-924E-02EB55F44171}
		{9DB5439E-E098-4627-9231-6B148B8751FF} = {A88925E8-AB17-4EDB-A887-642AED93C04D}
		{20C99BBC-E6EF-4C46-AAC7-1D8902A930D3} = {301BC03D-EB28-40FD-81BF-DD1C8974F47C}
	EndGlobalSection
	GlobalSection(ExtensibilityGlobals) = postSolution
		SolutionGuid = {FCC9E7EC-622B-41AE-9D75-37865D2F85FF}
	EndGlobalSection
EndGlobal
